// !$*UTF8*$!
{
	archiveVersion = 1;
	classes = {
	};
	objectVersion = 48;
	objects = {

/* Begin PBXBuildFile section */
		11C9D4031F85159D005B3577 /* AiXiangBanTests.m in Sources */ = {isa = PBXBuildFile; fileRef = 11C9D4021F85159D005B3577 /* AiXiangBanTests.m */; };
		11C9D40E1F85159D005B3577 /* AiXiangBanUITests.m in Sources */ = {isa = PBXBuildFile; fileRef = 11C9D40D1F85159D005B3577 /* AiXiangBanUITests.m */; };
		695B0FFE4DAEBF017F04DCE0 /* libPods-AiXiangBan.a in Frameworks */ = {isa = PBXBuildFile; fileRef = 4510E2392FE05C464F35E1E7 /* libPods-AiXiangBan.a */; };
/* End PBXBuildFile section */

/* Begin PBXContainerItemProxy section */
		11C9D3FF1F85159D005B3577 /* PBXContainerItemProxy */ = {
			isa = PBXContainerItemProxy;
			containerPortal = 11C9D3DE1F85159D005B3577 /* Project object */;
			proxyType = 1;
			remoteGlobalIDString = 11C9D3E51F85159D005B3577;
			remoteInfo = AiXiangBan;
		};
		11C9D40A1F85159D005B3577 /* PBXContainerItemProxy */ = {
			isa = PBXContainerItemProxy;
			containerPortal = 11C9D3DE1F85159D005B3577 /* Project object */;
			proxyType = 1;
			remoteGlobalIDString = 11C9D3E51F85159D005B3577;
			remoteInfo = AiXiangBan;
		};
/* End PBXContainerItemProxy section */

/* Begin PBXFileReference section */
		11C9D3E61F85159D005B3577 /* AiXiangBan.app */ = {isa = PBXFileReference; explicitFileType = wrapper.application; includeInIndex = 0; path = AiXiangBan.app; sourceTree = BUILT_PRODUCTS_DIR; };
		11C9D3FE1F85159D005B3577 /* AiXiangBanTests.xctest */ = {isa = PBXFileReference; explicitFileType = wrapper.cfbundle; includeInIndex = 0; path = AiXiangBanTests.xctest; sourceTree = BUILT_PRODUCTS_DIR; };
		11C9D4021F85159D005B3577 /* AiXiangBanTests.m */ = {isa = PBXFileReference; lastKnownFileType = sourcecode.c.objc; path = AiXiangBanTests.m; sourceTree = "<group>"; };
		11C9D4041F85159D005B3577 /* Info.plist */ = {isa = PBXFileReference; lastKnownFileType = text.plist.xml; path = Info.plist; sourceTree = "<group>"; };
		11C9D4091F85159D005B3577 /* AiXiangBanUITests.xctest */ = {isa = PBXFileReference; explicitFileType = wrapper.cfbundle; includeInIndex = 0; path = AiXiangBanUITests.xctest; sourceTree = BUILT_PRODUCTS_DIR; };
		11C9D40D1F85159D005B3577 /* AiXiangBanUITests.m */ = {isa = PBXFileReference; lastKnownFileType = sourcecode.c.objc; path = AiXiangBanUITests.m; sourceTree = "<group>"; };
		11C9D40F1F85159D005B3577 /* Info.plist */ = {isa = PBXFileReference; lastKnownFileType = text.plist.xml; path = Info.plist; sourceTree = "<group>"; };
		1A9A846A1F87859C0003B9E1 /* BaseNaviViewController.h */ = {isa = PBXFileReference; lastKnownFileType = sourcecode.c.h; path = BaseNaviViewController.h; sourceTree = "<group>"; };
		1A9A846B1F87859C0003B9E1 /* BaseNaviViewController.m */ = {isa = PBXFileReference; lastKnownFileType = sourcecode.c.objc; path = BaseNaviViewController.m; sourceTree = "<group>"; };
		1A9A846C1F87859C0003B9E1 /* BaseViewController.h */ = {isa = PBXFileReference; lastKnownFileType = sourcecode.c.h; path = BaseViewController.h; sourceTree = "<group>"; };
		1A9A846D1F87859C0003B9E1 /* BaseViewController.m */ = {isa = PBXFileReference; lastKnownFileType = sourcecode.c.objc; path = BaseViewController.m; sourceTree = "<group>"; };
		1A9A846F1F87859C0003B9E1 /* HomeViewController.h */ = {isa = PBXFileReference; lastKnownFileType = sourcecode.c.h; path = HomeViewController.h; sourceTree = "<group>"; };
		1A9A84701F87859C0003B9E1 /* HomeViewController.m */ = {isa = PBXFileReference; lastKnownFileType = sourcecode.c.objc; path = HomeViewController.m; sourceTree = "<group>"; };
		1A9A84711F87859C0003B9E1 /* HomeViewController.xib */ = {isa = PBXFileReference; lastKnownFileType = file.xib; path = HomeViewController.xib; sourceTree = "<group>"; };
		1A9A84731F87859C0003B9E1 /* LoginViewController.h */ = {isa = PBXFileReference; lastKnownFileType = sourcecode.c.h; path = LoginViewController.h; sourceTree = "<group>"; };
		1A9A84741F87859C0003B9E1 /* LoginViewController.m */ = {isa = PBXFileReference; lastKnownFileType = sourcecode.c.objc; path = LoginViewController.m; sourceTree = "<group>"; };
		1A9A84751F87859C0003B9E1 /* LoginViewController.xib */ = {isa = PBXFileReference; lastKnownFileType = file.xib; path = LoginViewController.xib; sourceTree = "<group>"; };
		1A9A84761F87859C0003B9E1 /* RegisterViewController.h */ = {isa = PBXFileReference; lastKnownFileType = sourcecode.c.h; path = RegisterViewController.h; sourceTree = "<group>"; };
		1A9A84771F87859C0003B9E1 /* RegisterViewController.m */ = {isa = PBXFileReference; lastKnownFileType = sourcecode.c.objc; path = RegisterViewController.m; sourceTree = "<group>"; };
		1A9A84781F87859C0003B9E1 /* RegisterViewController.xib */ = {isa = PBXFileReference; lastKnownFileType = file.xib; path = RegisterViewController.xib; sourceTree = "<group>"; };
		1A9A847B1F87859C0003B9E1 /* NetWorkManager.h */ = {isa = PBXFileReference; lastKnownFileType = sourcecode.c.h; path = NetWorkManager.h; sourceTree = "<group>"; };
		1A9A847C1F87859C0003B9E1 /* NetWorkManager.m */ = {isa = PBXFileReference; lastKnownFileType = sourcecode.c.objc; path = NetWorkManager.m; sourceTree = "<group>"; };
		1A9A847F1F87859C0003B9E1 /* CALayer+CircleBoard.h */ = {isa = PBXFileReference; lastKnownFileType = sourcecode.c.h; path = "CALayer+CircleBoard.h"; sourceTree = "<group>"; };
		1A9A84801F87859C0003B9E1 /* CALayer+CircleBoard.m */ = {isa = PBXFileReference; lastKnownFileType = sourcecode.c.objc; path = "CALayer+CircleBoard.m"; sourceTree = "<group>"; };
		1A9A84811F87859C0003B9E1 /* UIView+EX.h */ = {isa = PBXFileReference; lastKnownFileType = sourcecode.c.h; path = "UIView+EX.h"; sourceTree = "<group>"; };
		1A9A84821F87859C0003B9E1 /* UIView+EX.m */ = {isa = PBXFileReference; lastKnownFileType = sourcecode.c.objc; path = "UIView+EX.m"; sourceTree = "<group>"; };
		1A9A84841F87859C0003B9E1 /* HYTimerButton.h */ = {isa = PBXFileReference; lastKnownFileType = sourcecode.c.h; path = HYTimerButton.h; sourceTree = "<group>"; };
		1A9A84851F87859C0003B9E1 /* HYTimerButton.m */ = {isa = PBXFileReference; lastKnownFileType = sourcecode.c.objc; path = HYTimerButton.m; sourceTree = "<group>"; };
		1A9A84871F87859C0003B9E1 /* AppDelegate.h */ = {isa = PBXFileReference; lastKnownFileType = sourcecode.c.h; path = AppDelegate.h; sourceTree = "<group>"; };
		1A9A84881F87859C0003B9E1 /* AppDelegate.m */ = {isa = PBXFileReference; lastKnownFileType = sourcecode.c.objc; path = AppDelegate.m; sourceTree = "<group>"; };
		1A9A84891F87859C0003B9E1 /* Assets.xcassets */ = {isa = PBXFileReference; lastKnownFileType = folder.assetcatalog; path = Assets.xcassets; sourceTree = "<group>"; };
		1A9A848A1F87859C0003B9E1 /* AXB.pch */ = {isa = PBXFileReference; lastKnownFileType = sourcecode.c.h; path = AXB.pch; sourceTree = "<group>"; };
		1A9A848B1F87859C0003B9E1 /* Info.plist */ = {isa = PBXFileReference; lastKnownFileType = text.plist.xml; path = Info.plist; sourceTree = "<group>"; };
		1A9A848C1F87859C0003B9E1 /* main.m */ = {isa = PBXFileReference; lastKnownFileType = sourcecode.c.objc; path = main.m; sourceTree = "<group>"; };
		1A9A848D1F87859C0003B9E1 /* Url.h */ = {isa = PBXFileReference; lastKnownFileType = sourcecode.c.h; path = Url.h; sourceTree = "<group>"; };
		27FBE6F3E6B66A6367AB08DE /* Pods-AiXiangBan.debug.xcconfig */ = {isa = PBXFileReference; includeInIndex = 1; lastKnownFileType = text.xcconfig; name = "Pods-AiXiangBan.debug.xcconfig"; path = "Pods/Target Support Files/Pods-AiXiangBan/Pods-AiXiangBan.debug.xcconfig"; sourceTree = "<group>"; };
		4510E2392FE05C464F35E1E7 /* libPods-AiXiangBan.a */ = {isa = PBXFileReference; explicitFileType = archive.ar; includeInIndex = 0; path = "libPods-AiXiangBan.a"; sourceTree = BUILT_PRODUCTS_DIR; };
		636DAAA2A4CE5D9F9EC4FDE9 /* Pods-AiXiangBan.release.xcconfig */ = {isa = PBXFileReference; includeInIndex = 1; lastKnownFileType = text.xcconfig; name = "Pods-AiXiangBan.release.xcconfig"; path = "Pods/Target Support Files/Pods-AiXiangBan/Pods-AiXiangBan.release.xcconfig"; sourceTree = "<group>"; };
/* End PBXFileReference section */

/* Begin PBXFrameworksBuildPhase section */
		11C9D3E31F85159D005B3577 /* Frameworks */ = {
			isa = PBXFrameworksBuildPhase;
			buildActionMask = 2147483647;
			files = (
				695B0FFE4DAEBF017F04DCE0 /* libPods-AiXiangBan.a in Frameworks */,
			);
			runOnlyForDeploymentPostprocessing = 0;
		};
		11C9D3FB1F85159D005B3577 /* Frameworks */ = {
			isa = PBXFrameworksBuildPhase;
			buildActionMask = 2147483647;
			files = (
			);
			runOnlyForDeploymentPostprocessing = 0;
		};
		11C9D4061F85159D005B3577 /* Frameworks */ = {
			isa = PBXFrameworksBuildPhase;
			buildActionMask = 2147483647;
			files = (
			);
			runOnlyForDeploymentPostprocessing = 0;
		};
/* End PBXFrameworksBuildPhase section */

/* Begin PBXGroup section */
		11C9D3DD1F85159D005B3577 = {
			isa = PBXGroup;
			children = (
				11C9D3E81F85159D005B3577 /* AiXiangBan */,
				11C9D4011F85159D005B3577 /* AiXiangBanTests */,
				11C9D40C1F85159D005B3577 /* AiXiangBanUITests */,
				11C9D3E71F85159D005B3577 /* Products */,
				4A983A104C5F7DEED1FA390E /* Pods */,
				A0C3F982FDB0B559863ABF61 /* Frameworks */,
			);
			sourceTree = "<group>";
		};
		11C9D3E71F85159D005B3577 /* Products */ = {
			isa = PBXGroup;
			children = (
				11C9D3E61F85159D005B3577 /* AiXiangBan.app */,
				11C9D3FE1F85159D005B3577 /* AiXiangBanTests.xctest */,
				11C9D4091F85159D005B3577 /* AiXiangBanUITests.xctest */,
			);
			name = Products;
			sourceTree = "<group>";
		};
		11C9D3E81F85159D005B3577 /* AiXiangBan */ = {
			isa = PBXGroup;
			children = (
				1A9A848B1F87859C0003B9E1 /* Info.plist */,
				1A9A84681F87859C0003B9E1 /* Classes */,
				1A9A847D1F87859C0003B9E1 /* Resources */,
				1A9A84861F87859C0003B9E1 /* SupportFiles */,
				1A9A84791F87859C0003B9E1 /* Tools */,
			);
			path = AiXiangBan;
			sourceTree = "<group>";
		};
		11C9D4011F85159D005B3577 /* AiXiangBanTests */ = {
			isa = PBXGroup;
			children = (
				11C9D4021F85159D005B3577 /* AiXiangBanTests.m */,
				11C9D4041F85159D005B3577 /* Info.plist */,
			);
			path = AiXiangBanTests;
			sourceTree = "<group>";
		};
		11C9D40C1F85159D005B3577 /* AiXiangBanUITests */ = {
			isa = PBXGroup;
			children = (
				11C9D40D1F85159D005B3577 /* AiXiangBanUITests.m */,
				11C9D40F1F85159D005B3577 /* Info.plist */,
			);
			path = AiXiangBanUITests;
			sourceTree = "<group>";
		};
		1A9A84681F87859C0003B9E1 /* Classes */ = {
			isa = PBXGroup;
			children = (
				1A9A84691F87859C0003B9E1 /* BaseViewController */,
				1A9A846E1F87859C0003B9E1 /* Home */,
				1A9A84721F87859C0003B9E1 /* Login&&Register */,
			);
			path = Classes;
			sourceTree = "<group>";
		};
		1A9A84691F87859C0003B9E1 /* BaseViewController */ = {
			isa = PBXGroup;
			children = (
				1A9A846A1F87859C0003B9E1 /* BaseNaviViewController.h */,
				1A9A846B1F87859C0003B9E1 /* BaseNaviViewController.m */,
				1A9A846C1F87859C0003B9E1 /* BaseViewController.h */,
				1A9A846D1F87859C0003B9E1 /* BaseViewController.m */,
			);
			path = BaseViewController;
			sourceTree = "<group>";
		};
		1A9A846E1F87859C0003B9E1 /* Home */ = {
			isa = PBXGroup;
			children = (
				1A9A846F1F87859C0003B9E1 /* HomeViewController.h */,
				1A9A84701F87859C0003B9E1 /* HomeViewController.m */,
				1A9A84711F87859C0003B9E1 /* HomeViewController.xib */,
			);
			path = Home;
			sourceTree = "<group>";
		};
		1A9A84721F87859C0003B9E1 /* Login&&Register */ = {
			isa = PBXGroup;
			children = (
				1A9A84731F87859C0003B9E1 /* LoginViewController.h */,
				1A9A84741F87859C0003B9E1 /* LoginViewController.m */,
				1A9A84751F87859C0003B9E1 /* LoginViewController.xib */,
				1A9A84761F87859C0003B9E1 /* RegisterViewController.h */,
				1A9A84771F87859C0003B9E1 /* RegisterViewController.m */,
				1A9A84781F87859C0003B9E1 /* RegisterViewController.xib */,
			);
			path = "Login&&Register";
			sourceTree = "<group>";
		};
		1A9A84791F87859C0003B9E1 /* Tools */ = {
			isa = PBXGroup;
			children = (
				1A9A847A1F87859C0003B9E1 /* NetWorkManager */,
			);
			path = Tools;
			sourceTree = "<group>";
		};
		1A9A847A1F87859C0003B9E1 /* NetWorkManager */ = {
			isa = PBXGroup;
			children = (
				1A9A847B1F87859C0003B9E1 /* NetWorkManager.h */,
				1A9A847C1F87859C0003B9E1 /* NetWorkManager.m */,
			);
			path = NetWorkManager;
			sourceTree = "<group>";
		};
		1A9A847D1F87859C0003B9E1 /* Resources */ = {
			isa = PBXGroup;
			children = (
				1A9A847E1F87859C0003B9E1 /* Category */,
				1A9A84831F87859C0003B9E1 /* TimerButton */,
			);
			path = Resources;
			sourceTree = "<group>";
		};
		1A9A847E1F87859C0003B9E1 /* Category */ = {
			isa = PBXGroup;
			children = (
				1A9A847F1F87859C0003B9E1 /* CALayer+CircleBoard.h */,
				1A9A84801F87859C0003B9E1 /* CALayer+CircleBoard.m */,
				1A9A84811F87859C0003B9E1 /* UIView+EX.h */,
				1A9A84821F87859C0003B9E1 /* UIView+EX.m */,
			);
			path = Category;
			sourceTree = "<group>";
		};
		1A9A84831F87859C0003B9E1 /* TimerButton */ = {
			isa = PBXGroup;
			children = (
				1A9A84841F87859C0003B9E1 /* HYTimerButton.h */,
				1A9A84851F87859C0003B9E1 /* HYTimerButton.m */,
			);
			path = TimerButton;
			sourceTree = "<group>";
		};
		1A9A84861F87859C0003B9E1 /* SupportFiles */ = {
			isa = PBXGroup;
			children = (
				1A9A84871F87859C0003B9E1 /* AppDelegate.h */,
				1A9A84881F87859C0003B9E1 /* AppDelegate.m */,
				1A9A84891F87859C0003B9E1 /* Assets.xcassets */,
				1A9A848A1F87859C0003B9E1 /* AXB.pch */,
				1A9A848C1F87859C0003B9E1 /* main.m */,
				1A9A848D1F87859C0003B9E1 /* Url.h */,
			);
			path = SupportFiles;
			sourceTree = "<group>";
		};
		4A983A104C5F7DEED1FA390E /* Pods */ = {
			isa = PBXGroup;
			children = (
				27FBE6F3E6B66A6367AB08DE /* Pods-AiXiangBan.debug.xcconfig */,
				636DAAA2A4CE5D9F9EC4FDE9 /* Pods-AiXiangBan.release.xcconfig */,
			);
			name = Pods;
			sourceTree = "<group>";
		};
		A0C3F982FDB0B559863ABF61 /* Frameworks */ = {
			isa = PBXGroup;
			children = (
				4510E2392FE05C464F35E1E7 /* libPods-AiXiangBan.a */,
			);
			name = Frameworks;
			sourceTree = "<group>";
		};
/* End PBXGroup section */

/* Begin PBXNativeTarget section */
		11C9D3E51F85159D005B3577 /* AiXiangBan */ = {
			isa = PBXNativeTarget;
			buildConfigurationList = 11C9D4121F85159D005B3577 /* Build configuration list for PBXNativeTarget "AiXiangBan" */;
			buildPhases = (
				CC26D6DF448CD836B685DA7A /* [CP] Check Pods Manifest.lock */,
				11C9D3E21F85159D005B3577 /* Sources */,
				11C9D3E31F85159D005B3577 /* Frameworks */,
				11C9D3E41F85159D005B3577 /* Resources */,
				75D4B6A359684A0B96368BB8 /* [CP] Embed Pods Frameworks */,
				82E0E1D34AE3DDD567460873 /* [CP] Copy Pods Resources */,
			);
			buildRules = (
			);
			dependencies = (
			);
			name = AiXiangBan;
			productName = AiXiangBan;
			productReference = 11C9D3E61F85159D005B3577 /* AiXiangBan.app */;
			productType = "com.apple.product-type.application";
		};
		11C9D3FD1F85159D005B3577 /* AiXiangBanTests */ = {
			isa = PBXNativeTarget;
			buildConfigurationList = 11C9D4151F85159D005B3577 /* Build configuration list for PBXNativeTarget "AiXiangBanTests" */;
			buildPhases = (
				11C9D3FA1F85159D005B3577 /* Sources */,
				11C9D3FB1F85159D005B3577 /* Frameworks */,
				11C9D3FC1F85159D005B3577 /* Resources */,
			);
			buildRules = (
			);
			dependencies = (
				11C9D4001F85159D005B3577 /* PBXTargetDependency */,
			);
			name = AiXiangBanTests;
			productName = AiXiangBanTests;
			productReference = 11C9D3FE1F85159D005B3577 /* AiXiangBanTests.xctest */;
			productType = "com.apple.product-type.bundle.unit-test";
		};
		11C9D4081F85159D005B3577 /* AiXiangBanUITests */ = {
			isa = PBXNativeTarget;
			buildConfigurationList = 11C9D4181F85159D005B3577 /* Build configuration list for PBXNativeTarget "AiXiangBanUITests" */;
			buildPhases = (
				11C9D4051F85159D005B3577 /* Sources */,
				11C9D4061F85159D005B3577 /* Frameworks */,
				11C9D4071F85159D005B3577 /* Resources */,
			);
			buildRules = (
			);
			dependencies = (
				11C9D40B1F85159D005B3577 /* PBXTargetDependency */,
			);
			name = AiXiangBanUITests;
			productName = AiXiangBanUITests;
			productReference = 11C9D4091F85159D005B3577 /* AiXiangBanUITests.xctest */;
			productType = "com.apple.product-type.bundle.ui-testing";
		};
/* End PBXNativeTarget section */

/* Begin PBXProject section */
		11C9D3DE1F85159D005B3577 /* Project object */ = {
			isa = PBXProject;
			attributes = {
				LastUpgradeCheck = 0900;
				ORGANIZATIONNAME = "周春仕";
				TargetAttributes = {
					11C9D3E51F85159D005B3577 = {
						CreatedOnToolsVersion = 9.0;
						ProvisioningStyle = Automatic;
					};
					11C9D3FD1F85159D005B3577 = {
						CreatedOnToolsVersion = 9.0;
						ProvisioningStyle = Automatic;
						TestTargetID = 11C9D3E51F85159D005B3577;
					};
					11C9D4081F85159D005B3577 = {
						CreatedOnToolsVersion = 9.0;
						ProvisioningStyle = Automatic;
						TestTargetID = 11C9D3E51F85159D005B3577;
					};
				};
			};
			buildConfigurationList = 11C9D3E11F85159D005B3577 /* Build configuration list for PBXProject "AiXiangBan" */;
			compatibilityVersion = "Xcode 8.0";
			developmentRegion = en;
			hasScannedForEncodings = 0;
			knownRegions = (
				en,
				Base,
			);
			mainGroup = 11C9D3DD1F85159D005B3577;
			productRefGroup = 11C9D3E71F85159D005B3577 /* Products */;
			projectDirPath = "";
			projectRoot = "";
			targets = (
				11C9D3E51F85159D005B3577 /* AiXiangBan */,
				11C9D3FD1F85159D005B3577 /* AiXiangBanTests */,
				11C9D4081F85159D005B3577 /* AiXiangBanUITests */,
			);
		};
/* End PBXProject section */

/* Begin PBXResourcesBuildPhase section */
		11C9D3E41F85159D005B3577 /* Resources */ = {
			isa = PBXResourcesBuildPhase;
			buildActionMask = 2147483647;
			files = (
			);
			runOnlyForDeploymentPostprocessing = 0;
		};
		11C9D3FC1F85159D005B3577 /* Resources */ = {
			isa = PBXResourcesBuildPhase;
			buildActionMask = 2147483647;
			files = (
			);
			runOnlyForDeploymentPostprocessing = 0;
		};
		11C9D4071F85159D005B3577 /* Resources */ = {
			isa = PBXResourcesBuildPhase;
			buildActionMask = 2147483647;
			files = (
			);
			runOnlyForDeploymentPostprocessing = 0;
		};
/* End PBXResourcesBuildPhase section */

/* Begin PBXShellScriptBuildPhase section */
		75D4B6A359684A0B96368BB8 /* [CP] Embed Pods Frameworks */ = {
			isa = PBXShellScriptBuildPhase;
			buildActionMask = 2147483647;
			files = (
			);
			inputPaths = (
			);
			name = "[CP] Embed Pods Frameworks";
			outputPaths = (
			);
			runOnlyForDeploymentPostprocessing = 0;
			shellPath = /bin/sh;
			shellScript = "\"${SRCROOT}/Pods/Target Support Files/Pods-AiXiangBan/Pods-AiXiangBan-frameworks.sh\"\n";
			showEnvVarsInLog = 0;
		};
		82E0E1D34AE3DDD567460873 /* [CP] Copy Pods Resources */ = {
			isa = PBXShellScriptBuildPhase;
			buildActionMask = 2147483647;
			files = (
			);
			inputPaths = (
			);
			name = "[CP] Copy Pods Resources";
			outputPaths = (
			);
			runOnlyForDeploymentPostprocessing = 0;
			shellPath = /bin/sh;
			shellScript = "\"${SRCROOT}/Pods/Target Support Files/Pods-AiXiangBan/Pods-AiXiangBan-resources.sh\"\n";
			showEnvVarsInLog = 0;
		};
		CC26D6DF448CD836B685DA7A /* [CP] Check Pods Manifest.lock */ = {
			isa = PBXShellScriptBuildPhase;
			buildActionMask = 2147483647;
			files = (
			);
			inputPaths = (
			);
			name = "[CP] Check Pods Manifest.lock";
			outputPaths = (
			);
			runOnlyForDeploymentPostprocessing = 0;
			shellPath = /bin/sh;
			shellScript = "diff \"${PODS_PODFILE_DIR_PATH}/Podfile.lock\" \"${PODS_ROOT}/Manifest.lock\" > /dev/null\nif [ $? != 0 ] ; then\n    # print error to STDERR\n    echo \"error: The sandbox is not in sync with the Podfile.lock. Run 'pod install' or update your CocoaPods installation.\" >&2\n    exit 1\nfi\n";
			showEnvVarsInLog = 0;
		};
/* End PBXShellScriptBuildPhase section */

/* Begin PBXSourcesBuildPhase section */
		11C9D3E21F85159D005B3577 /* Sources */ = {
			isa = PBXSourcesBuildPhase;
			buildActionMask = 2147483647;
			files = (
			);
			runOnlyForDeploymentPostprocessing = 0;
		};
		11C9D3FA1F85159D005B3577 /* Sources */ = {
			isa = PBXSourcesBuildPhase;
			buildActionMask = 2147483647;
			files = (
				11C9D4031F85159D005B3577 /* AiXiangBanTests.m in Sources */,
			);
			runOnlyForDeploymentPostprocessing = 0;
		};
		11C9D4051F85159D005B3577 /* Sources */ = {
			isa = PBXSourcesBuildPhase;
			buildActionMask = 2147483647;
			files = (
				11C9D40E1F85159D005B3577 /* AiXiangBanUITests.m in Sources */,
			);
			runOnlyForDeploymentPostprocessing = 0;
		};
/* End PBXSourcesBuildPhase section */

/* Begin PBXTargetDependency section */
		11C9D4001F85159D005B3577 /* PBXTargetDependency */ = {
			isa = PBXTargetDependency;
			target = 11C9D3E51F85159D005B3577 /* AiXiangBan */;
			targetProxy = 11C9D3FF1F85159D005B3577 /* PBXContainerItemProxy */;
		};
		11C9D40B1F85159D005B3577 /* PBXTargetDependency */ = {
			isa = PBXTargetDependency;
			target = 11C9D3E51F85159D005B3577 /* AiXiangBan */;
			targetProxy = 11C9D40A1F85159D005B3577 /* PBXContainerItemProxy */;
		};
/* End PBXTargetDependency section */

/* Begin XCBuildConfiguration section */
		11C9D4101F85159D005B3577 /* Debug */ = {
			isa = XCBuildConfiguration;
			buildSettings = {
				ALWAYS_SEARCH_USER_PATHS = NO;
				CLANG_ANALYZER_NONNULL = YES;
				CLANG_ANALYZER_NUMBER_OBJECT_CONVERSION = YES_AGGRESSIVE;
				CLANG_CXX_LANGUAGE_STANDARD = "gnu++14";
				CLANG_CXX_LIBRARY = "libc++";
				CLANG_ENABLE_MODULES = YES;
				CLANG_ENABLE_OBJC_ARC = YES;
				CLANG_WARN_BLOCK_CAPTURE_AUTORELEASING = YES;
				CLANG_WARN_BOOL_CONVERSION = YES;
				CLANG_WARN_COMMA = YES;
				CLANG_WARN_CONSTANT_CONVERSION = YES;
				CLANG_WARN_DIRECT_OBJC_ISA_USAGE = YES_ERROR;
				CLANG_WARN_DOCUMENTATION_COMMENTS = YES;
				CLANG_WARN_EMPTY_BODY = YES;
				CLANG_WARN_ENUM_CONVERSION = YES;
				CLANG_WARN_INFINITE_RECURSION = YES;
				CLANG_WARN_INT_CONVERSION = YES;
				CLANG_WARN_NON_LITERAL_NULL_CONVERSION = YES;
				CLANG_WARN_OBJC_LITERAL_CONVERSION = YES;
				CLANG_WARN_OBJC_ROOT_CLASS = YES_ERROR;
				CLANG_WARN_RANGE_LOOP_ANALYSIS = YES;
				CLANG_WARN_STRICT_PROTOTYPES = YES;
				CLANG_WARN_SUSPICIOUS_MOVE = YES;
				CLANG_WARN_UNGUARDED_AVAILABILITY = YES_AGGRESSIVE;
				CLANG_WARN_UNREACHABLE_CODE = YES;
				CLANG_WARN__DUPLICATE_METHOD_MATCH = YES;
				CODE_SIGN_IDENTITY = "iPhone Developer";
				COPY_PHASE_STRIP = NO;
				DEBUG_INFORMATION_FORMAT = dwarf;
				ENABLE_STRICT_OBJC_MSGSEND = YES;
				ENABLE_TESTABILITY = YES;
				GCC_C_LANGUAGE_STANDARD = gnu11;
				GCC_DYNAMIC_NO_PIC = NO;
				GCC_NO_COMMON_BLOCKS = YES;
				GCC_OPTIMIZATION_LEVEL = 0;
				GCC_PREPROCESSOR_DEFINITIONS = (
					"DEBUG=1",
					"$(inherited)",
				);
				GCC_WARN_64_TO_32_BIT_CONVERSION = YES;
				GCC_WARN_ABOUT_RETURN_TYPE = YES_ERROR;
				GCC_WARN_UNDECLARED_SELECTOR = YES;
				GCC_WARN_UNINITIALIZED_AUTOS = YES_AGGRESSIVE;
				GCC_WARN_UNUSED_FUNCTION = YES;
				GCC_WARN_UNUSED_VARIABLE = YES;
				IPHONEOS_DEPLOYMENT_TARGET = 11.0;
				MTL_ENABLE_DEBUG_INFO = YES;
				ONLY_ACTIVE_ARCH = YES;
				SDKROOT = iphoneos;
			};
			name = Debug;
		};
		11C9D4111F85159D005B3577 /* Release */ = {
			isa = XCBuildConfiguration;
			buildSettings = {
				ALWAYS_SEARCH_USER_PATHS = NO;
				CLANG_ANALYZER_NONNULL = YES;
				CLANG_ANALYZER_NUMBER_OBJECT_CONVERSION = YES_AGGRESSIVE;
				CLANG_CXX_LANGUAGE_STANDARD = "gnu++14";
				CLANG_CXX_LIBRARY = "libc++";
				CLANG_ENABLE_MODULES = YES;
				CLANG_ENABLE_OBJC_ARC = YES;
				CLANG_WARN_BLOCK_CAPTURE_AUTORELEASING = YES;
				CLANG_WARN_BOOL_CONVERSION = YES;
				CLANG_WARN_COMMA = YES;
				CLANG_WARN_CONSTANT_CONVERSION = YES;
				CLANG_WARN_DIRECT_OBJC_ISA_USAGE = YES_ERROR;
				CLANG_WARN_DOCUMENTATION_COMMENTS = YES;
				CLANG_WARN_EMPTY_BODY = YES;
				CLANG_WARN_ENUM_CONVERSION = YES;
				CLANG_WARN_INFINITE_RECURSION = YES;
				CLANG_WARN_INT_CONVERSION = YES;
				CLANG_WARN_NON_LITERAL_NULL_CONVERSION = YES;
				CLANG_WARN_OBJC_LITERAL_CONVERSION = YES;
				CLANG_WARN_OBJC_ROOT_CLASS = YES_ERROR;
				CLANG_WARN_RANGE_LOOP_ANALYSIS = YES;
				CLANG_WARN_STRICT_PROTOTYPES = YES;
				CLANG_WARN_SUSPICIOUS_MOVE = YES;
				CLANG_WARN_UNGUARDED_AVAILABILITY = YES_AGGRESSIVE;
				CLANG_WARN_UNREACHABLE_CODE = YES;
				CLANG_WARN__DUPLICATE_METHOD_MATCH = YES;
				CODE_SIGN_IDENTITY = "iPhone Developer";
				COPY_PHASE_STRIP = NO;
				DEBUG_INFORMATION_FORMAT = "dwarf-with-dsym";
				ENABLE_NS_ASSERTIONS = NO;
				ENABLE_STRICT_OBJC_MSGSEND = YES;
				GCC_C_LANGUAGE_STANDARD = gnu11;
				GCC_NO_COMMON_BLOCKS = YES;
				GCC_WARN_64_TO_32_BIT_CONVERSION = YES;
				GCC_WARN_ABOUT_RETURN_TYPE = YES_ERROR;
				GCC_WARN_UNDECLARED_SELECTOR = YES;
				GCC_WARN_UNINITIALIZED_AUTOS = YES_AGGRESSIVE;
				GCC_WARN_UNUSED_FUNCTION = YES;
				GCC_WARN_UNUSED_VARIABLE = YES;
				IPHONEOS_DEPLOYMENT_TARGET = 11.0;
				MTL_ENABLE_DEBUG_INFO = NO;
				SDKROOT = iphoneos;
				VALIDATE_PRODUCT = YES;
			};
			name = Release;
		};
		11C9D4131F85159D005B3577 /* Debug */ = {
			isa = XCBuildConfiguration;
			baseConfigurationReference = 27FBE6F3E6B66A6367AB08DE /* Pods-AiXiangBan.debug.xcconfig */;
			buildSettings = {
				ASSETCATALOG_COMPILER_APPICON_NAME = AppIcon;
				CODE_SIGN_STYLE = Automatic;
				INFOPLIST_FILE = AiXiangBan/Info.plist;
				LD_RUNPATH_SEARCH_PATHS = "$(inherited) @executable_path/Frameworks";
				PRODUCT_BUNDLE_IDENTIFIER = ZCS.AiXiangBan;
				PRODUCT_NAME = "$(TARGET_NAME)";
				TARGETED_DEVICE_FAMILY = "1,2";
			};
			name = Debug;
		};
		11C9D4141F85159D005B3577 /* Release */ = {
			isa = XCBuildConfiguration;
			baseConfigurationReference = 636DAAA2A4CE5D9F9EC4FDE9 /* Pods-AiXiangBan.release.xcconfig */;
			buildSettings = {
				ASSETCATALOG_COMPILER_APPICON_NAME = AppIcon;
				CODE_SIGN_STYLE = Automatic;
				INFOPLIST_FILE = AiXiangBan/Info.plist;
				LD_RUNPATH_SEARCH_PATHS = "$(inherited) @executable_path/Frameworks";
				PRODUCT_BUNDLE_IDENTIFIER = ZCS.AiXiangBan;
				PRODUCT_NAME = "$(TARGET_NAME)";
				TARGETED_DEVICE_FAMILY = "1,2";
			};
			name = Release;
		};
		11C9D4161F85159D005B3577 /* Debug */ = {
			isa = XCBuildConfiguration;
			buildSettings = {
				BUNDLE_LOADER = "$(TEST_HOST)";
				CODE_SIGN_STYLE = Automatic;
				INFOPLIST_FILE = AiXiangBanTests/Info.plist;
				LD_RUNPATH_SEARCH_PATHS = "$(inherited) @executable_path/Frameworks @loader_path/Frameworks";
				PRODUCT_BUNDLE_IDENTIFIER = ZCS.AiXiangBanTests;
				PRODUCT_NAME = "$(TARGET_NAME)";
				TARGETED_DEVICE_FAMILY = "1,2";
				TEST_HOST = "$(BUILT_PRODUCTS_DIR)/AiXiangBan.app/AiXiangBan";
			};
			name = Debug;
		};
		11C9D4171F85159D005B3577 /* Release */ = {
			isa = XCBuildConfiguration;
			buildSettings = {
				BUNDLE_LOADER = "$(TEST_HOST)";
				CODE_SIGN_STYLE = Automatic;
				INFOPLIST_FILE = AiXiangBanTests/Info.plist;
				LD_RUNPATH_SEARCH_PATHS = "$(inherited) @executable_path/Frameworks @loader_path/Frameworks";
				PRODUCT_BUNDLE_IDENTIFIER = ZCS.AiXiangBanTests;
				PRODUCT_NAME = "$(TARGET_NAME)";
				TARGETED_DEVICE_FAMILY = "1,2";
				TEST_HOST = "$(BUILT_PRODUCTS_DIR)/AiXiangBan.app/AiXiangBan";
			};
			name = Release;
		};
		11C9D4191F85159D005B3577 /* Debug */ = {
			isa = XCBuildConfiguration;
			buildSettings = {
				CODE_SIGN_STYLE = Automatic;
				INFOPLIST_FILE = AiXiangBanUITests/Info.plist;
				LD_RUNPATH_SEARCH_PATHS = "$(inherited) @executable_path/Frameworks @loader_path/Frameworks";
				PRODUCT_BUNDLE_IDENTIFIER = ZCS.AiXiangBanUITests;
				PRODUCT_NAME = "$(TARGET_NAME)";
				TARGETED_DEVICE_FAMILY = "1,2";
				TEST_TARGET_NAME = AiXiangBan;
			};
			name = Debug;
		};
		11C9D41A1F85159D005B3577 /* Release */ = {
			isa = XCBuildConfiguration;
			buildSettings = {
				CODE_SIGN_STYLE = Automatic;
				INFOPLIST_FILE = AiXiangBanUITests/Info.plist;
				LD_RUNPATH_SEARCH_PATHS = "$(inherited) @executable_path/Frameworks @loader_path/Frameworks";
				PRODUCT_BUNDLE_IDENTIFIER = ZCS.AiXiangBanUITests;
				PRODUCT_NAME = "$(TARGET_NAME)";
				TARGETED_DEVICE_FAMILY = "1,2";
				TEST_TARGET_NAME = AiXiangBan;
			};
			name = Release;
		};
/* End XCBuildConfiguration section */

/* Begin XCConfigurationList section */
		11C9D3E11F85159D005B3577 /* Build configuration list for PBXProject "AiXiangBan" */ = {
			isa = XCConfigurationList;
			buildConfigurations = (
				11C9D4101F85159D005B3577 /* Debug */,
				11C9D4111F85159D005B3577 /* Release */,
			);
			defaultConfigurationIsVisible = 0;
			defaultConfigurationName = Release;
		};
		11C9D4121F85159D005B3577 /* Build configuration list for PBXNativeTarget "AiXiangBan" */ = {
			isa = XCConfigurationList;
			buildConfigurations = (
				11C9D4131F85159D005B3577 /* Debug */,
				11C9D4141F85159D005B3577 /* Release */,
			);
			defaultConfigurationIsVisible = 0;
			defaultConfigurationName = Release;
		};
		11C9D4151F85159D005B3577 /* Build configuration list for PBXNativeTarget "AiXiangBanTests" */ = {
			isa = XCConfigurationList;
			buildConfigurations = (
				11C9D4161F85159D005B3577 /* Debug */,
				11C9D4171F85159D005B3577 /* Release */,
			);
			defaultConfigurationIsVisible = 0;
			defaultConfigurationName = Release;
		};
		11C9D4181F85159D005B3577 /* Build configuration list for PBXNativeTarget "AiXiangBanUITests" */ = {
			isa = XCConfigurationList;
			buildConfigurations = (
				11C9D4191F85159D005B3577 /* Debug */,
				11C9D41A1F85159D005B3577 /* Release */,
			);
			defaultConfigurationIsVisible = 0;
			defaultConfigurationName = Release;
		};
/* End XCConfigurationList section */
	};
	rootObject = 11C9D3DE1F85159D005B3577 /* Project object */;
}
