// !$*UTF8*$!
{
	archiveVersion = 1;
	classes = {
	};
	objectVersion = 48;
	objects = {

/* Begin PBXBuildFile section */
		11599C3B1F87CC790005D9ED /* UIView+BorderLine.m in Sources */ = {isa = PBXBuildFile; fileRef = 11599C3A1F87CC790005D9ED /* UIView+BorderLine.m */; };
		11599C401F87D09B0005D9ED /* CallPushView.m in Sources */ = {isa = PBXBuildFile; fileRef = 11599C3F1F87D09B0005D9ED /* CallPushView.m */; };
		11599C421F87D0C10005D9ED /* CallPushView.xib in Resources */ = {isa = PBXBuildFile; fileRef = 11599C411F87D0C10005D9ED /* CallPushView.xib */; };
		11599C451F87DD770005D9ED /* pullView.m in Sources */ = {isa = PBXBuildFile; fileRef = 11599C441F87DD770005D9ED /* pullView.m */; };
		11599C471F87DE6D0005D9ED /* pullView.xib in Resources */ = {isa = PBXBuildFile; fileRef = 11599C461F87DE6D0005D9ED /* pullView.xib */; };
		11599C4B1F87E8AC0005D9ED /* HomeCollectionViewCell.m in Sources */ = {isa = PBXBuildFile; fileRef = 11599C491F87E8AC0005D9ED /* HomeCollectionViewCell.m */; };
		11599C4C1F87E8AC0005D9ED /* HomeCollectionViewCell.xib in Resources */ = {isa = PBXBuildFile; fileRef = 11599C4A1F87E8AC0005D9ED /* HomeCollectionViewCell.xib */; };
		11937D701F86800900C809C9 /* CALayer+CircleBoard.m in Sources */ = {isa = PBXBuildFile; fileRef = 11937D6F1F86800900C809C9 /* CALayer+CircleBoard.m */; };
		11937D731F86807500C809C9 /* UIView+EX.m in Sources */ = {isa = PBXBuildFile; fileRef = 11937D721F86807500C809C9 /* UIView+EX.m */; };
		11937D771F86879200C809C9 /* RegisterViewController.m in Sources */ = {isa = PBXBuildFile; fileRef = 11937D751F86879200C809C9 /* RegisterViewController.m */; };
		11937D781F86879200C809C9 /* RegisterViewController.xib in Resources */ = {isa = PBXBuildFile; fileRef = 11937D761F86879200C809C9 /* RegisterViewController.xib */; };
		11AF42011F87154600903A85 /* HYTimerButton.m in Sources */ = {isa = PBXBuildFile; fileRef = 11AF42001F87143400903A85 /* HYTimerButton.m */; };
		11B2532C1F8668D100994575 /* LoginViewController.m in Sources */ = {isa = PBXBuildFile; fileRef = 11B2532A1F8668D100994575 /* LoginViewController.m */; };
		11B2532D1F8668D100994575 /* LoginViewController.xib in Resources */ = {isa = PBXBuildFile; fileRef = 11B2532B1F8668D100994575 /* LoginViewController.xib */; };
		11C9D3EB1F85159D005B3577 /* AppDelegate.m in Sources */ = {isa = PBXBuildFile; fileRef = 11C9D3EA1F85159D005B3577 /* AppDelegate.m */; };
		11C9D3F31F85159D005B3577 /* Assets.xcassets in Resources */ = {isa = PBXBuildFile; fileRef = 11C9D3F21F85159D005B3577 /* Assets.xcassets */; };
		11C9D3F91F85159D005B3577 /* main.m in Sources */ = {isa = PBXBuildFile; fileRef = 11C9D3F81F85159D005B3577 /* main.m */; };
		11C9D4031F85159D005B3577 /* AiXiangBanTests.m in Sources */ = {isa = PBXBuildFile; fileRef = 11C9D4021F85159D005B3577 /* AiXiangBanTests.m */; };
		11C9D40E1F85159D005B3577 /* AiXiangBanUITests.m in Sources */ = {isa = PBXBuildFile; fileRef = 11C9D40D1F85159D005B3577 /* AiXiangBanUITests.m */; };
		11C9D4221F851E24005B3577 /* NetWorkManager.m in Sources */ = {isa = PBXBuildFile; fileRef = 11C9D4211F851E24005B3577 /* NetWorkManager.m */; };
		11C9D4341F8525CA005B3577 /* BaseViewController.m in Sources */ = {isa = PBXBuildFile; fileRef = 11C9D4331F8525CA005B3577 /* BaseViewController.m */; };
		11C9D44F1F852E1F005B3577 /* HomeViewController.m in Sources */ = {isa = PBXBuildFile; fileRef = 11C9D44D1F852E1F005B3577 /* HomeViewController.m */; };
		11C9D4501F852E1F005B3577 /* HomeViewController.xib in Resources */ = {isa = PBXBuildFile; fileRef = 11C9D44E1F852E1F005B3577 /* HomeViewController.xib */; };
		11C9D46A1F853139005B3577 /* BaseNaviViewController.m in Sources */ = {isa = PBXBuildFile; fileRef = 11C9D4691F853139005B3577 /* BaseNaviViewController.m */; };
		11E09F601F88D02C004A2BCC /* AskHelpViewController.m in Sources */ = {isa = PBXBuildFile; fileRef = 11E09F5A1F88CF1D004A2BCC /* AskHelpViewController.m */; };
		11E09F611F88D033004A2BCC /* HelpViewController.m in Sources */ = {isa = PBXBuildFile; fileRef = 11E09F5E1F88CF1D004A2BCC /* HelpViewController.m */; };
		11E09F621F88D03E004A2BCC /* AskHelpCell.m in Sources */ = {isa = PBXBuildFile; fileRef = 11E09F581F88CF1D004A2BCC /* AskHelpCell.m */; };
		11E09F631F88D16E004A2BCC /* AskHelpCell.xib in Resources */ = {isa = PBXBuildFile; fileRef = 11E09F591F88CF1D004A2BCC /* AskHelpCell.xib */; };
		11E09F641F88D172004A2BCC /* HelpViewController.xib in Resources */ = {isa = PBXBuildFile; fileRef = 11E09F5F1F88CF1E004A2BCC /* HelpViewController.xib */; };
		11E09F651F88D175004A2BCC /* AskHelpViewController.xib in Resources */ = {isa = PBXBuildFile; fileRef = 11E09F5B1F88CF1D004A2BCC /* AskHelpViewController.xib */; };
		11E09F691F88D1B5004A2BCC /* MyViewController.m in Sources */ = {isa = PBXBuildFile; fileRef = 11E09F671F88D1B5004A2BCC /* MyViewController.m */; };
		11E09F6F1F88D610004A2BCC /* AccountViewController.m in Sources */ = {isa = PBXBuildFile; fileRef = 11E09F6D1F88D610004A2BCC /* AccountViewController.m */; };
		11E09F701F88D610004A2BCC /* AccountViewController.xib in Resources */ = {isa = PBXBuildFile; fileRef = 11E09F6E1F88D610004A2BCC /* AccountViewController.xib */; };
		11E09F741F88E141004A2BCC /* RechargeViewController.m in Sources */ = {isa = PBXBuildFile; fileRef = 11E09F721F88E141004A2BCC /* RechargeViewController.m */; };
		11E09F7A1F88E989004A2BCC /* RechargeCell.m in Sources */ = {isa = PBXBuildFile; fileRef = 11E09F781F88E989004A2BCC /* RechargeCell.m */; };
		11E09F7B1F88E989004A2BCC /* RechargeCell.xib in Resources */ = {isa = PBXBuildFile; fileRef = 11E09F791F88E989004A2BCC /* RechargeCell.xib */; };
		11E09F7F1F88F82E004A2BCC /* ConfirmViewController.m in Sources */ = {isa = PBXBuildFile; fileRef = 11E09F7D1F88F82E004A2BCC /* ConfirmViewController.m */; };
		11E09F801F88F82E004A2BCC /* ConfirmViewController.xib in Resources */ = {isa = PBXBuildFile; fileRef = 11E09F7E1F88F82E004A2BCC /* ConfirmViewController.xib */; };
		11E09F831F88FC29004A2BCC /* RechargeRecordController.m in Sources */ = {isa = PBXBuildFile; fileRef = 11E09F821F88FC29004A2BCC /* RechargeRecordController.m */; };
		11E09F871F890156004A2BCC /* RechargeRecordCell.m in Sources */ = {isa = PBXBuildFile; fileRef = 11E09F851F890156004A2BCC /* RechargeRecordCell.m */; };
		11E09F881F890156004A2BCC /* RechargeRecordCell.xib in Resources */ = {isa = PBXBuildFile; fileRef = 11E09F861F890156004A2BCC /* RechargeRecordCell.xib */; };
		11E09F8B1F890440004A2BCC /* BillViewController.m in Sources */ = {isa = PBXBuildFile; fileRef = 11E09F8A1F890440004A2BCC /* BillViewController.m */; };
		11E09F8F1F8904BD004A2BCC /* BillCell.m in Sources */ = {isa = PBXBuildFile; fileRef = 11E09F8D1F8904BD004A2BCC /* BillCell.m */; };
		11E09F901F8904BD004A2BCC /* BillCell.xib in Resources */ = {isa = PBXBuildFile; fileRef = 11E09F8E1F8904BD004A2BCC /* BillCell.xib */; };
		1A9A84D11F878E570003B9E1 /* KRMainNetTool.m in Sources */ = {isa = PBXBuildFile; fileRef = 1A9A84CD1F878E4F0003B9E1 /* KRMainNetTool.m */; };
		1A9A84D21F878E5A0003B9E1 /* KRUserInfo.m in Sources */ = {isa = PBXBuildFile; fileRef = 1A9A84CC1F878E4F0003B9E1 /* KRUserInfo.m */; };
		1A9A84D31F878E5E0003B9E1 /* KRBaseTool.m in Sources */ = {isa = PBXBuildFile; fileRef = 1A9A84C91F878E380003B9E1 /* KRBaseTool.m */; };
		1A9A84DE1F878F290003B9E1 /* NSString+CZNSStringExt.m in Sources */ = {isa = PBXBuildFile; fileRef = 1A9A84D51F878F250003B9E1 /* NSString+CZNSStringExt.m */; };
		1A9A84DF1F878F2C0003B9E1 /* UITableView+KREmptyData.m in Sources */ = {isa = PBXBuildFile; fileRef = 1A9A84D61F878F250003B9E1 /* UITableView+KREmptyData.m */; };
		1A9A84E01F878F2E0003B9E1 /* MBProgressHUD+KR.m in Sources */ = {isa = PBXBuildFile; fileRef = 1A9A84DD1F878F260003B9E1 /* MBProgressHUD+KR.m */; };
		1A9A84E11F878F310003B9E1 /* NSObject+KRExtention.m in Sources */ = {isa = PBXBuildFile; fileRef = 1A9A84DC1F878F260003B9E1 /* NSObject+KRExtention.m */; };
		1A9A84E41F87D8EA0003B9E1 /* MineViewController.m in Sources */ = {isa = PBXBuildFile; fileRef = 1A9A84E31F87D8EA0003B9E1 /* MineViewController.m */; };
		1A9A84E81F87E6020003B9E1 /* MineInfoView.m in Sources */ = {isa = PBXBuildFile; fileRef = 1A9A84E71F87E6020003B9E1 /* MineInfoView.m */; };
		1A9A84EB1F886B2F0003B9E1 /* RepareInfoViewController.m in Sources */ = {isa = PBXBuildFile; fileRef = 1A9A84EA1F886B2F0003B9E1 /* RepareInfoViewController.m */; };
		1A9A84EE1F886FDB0003B9E1 /* SettingViewController.m in Sources */ = {isa = PBXBuildFile; fileRef = 1A9A84ED1F886FDB0003B9E1 /* SettingViewController.m */; };
		1A9A84F11F88771B0003B9E1 /* AboutUsViewController.m in Sources */ = {isa = PBXBuildFile; fileRef = 1A9A84F01F88771B0003B9E1 /* AboutUsViewController.m */; };
		1A9A84F41F8879630003B9E1 /* ReparePwsViewController.m in Sources */ = {isa = PBXBuildFile; fileRef = 1A9A84F31F8879630003B9E1 /* ReparePwsViewController.m */; };
		1A9A84F71F88A6B90003B9E1 /* ZHLSB.storyboard in Resources */ = {isa = PBXBuildFile; fileRef = 1A9A84F61F88A6B90003B9E1 /* ZHLSB.storyboard */; };
		1A9A84FB1F88A7950003B9E1 /* RobotViewController.m in Sources */ = {isa = PBXBuildFile; fileRef = 1A9A84FA1F88A7950003B9E1 /* RobotViewController.m */; };
		1A9A84FE1F88A8200003B9E1 /* RobotView.m in Sources */ = {isa = PBXBuildFile; fileRef = 1A9A84FD1F88A8200003B9E1 /* RobotView.m */; };
		1A9A850C1F88B5CC0003B9E1 /* AddressBookViewController.m in Sources */ = {isa = PBXBuildFile; fileRef = 1A9A850B1F88B5CC0003B9E1 /* AddressBookViewController.m */; };
		1A9A850D1F88B8000003B9E1 /* TYPagerController.m in Sources */ = {isa = PBXBuildFile; fileRef = 1A9A85021F88B58A0003B9E1 /* TYPagerController.m */; };
		1A9A850E1F88B8030003B9E1 /* TYTabButtonPagerController.m in Sources */ = {isa = PBXBuildFile; fileRef = 1A9A85041F88B58A0003B9E1 /* TYTabButtonPagerController.m */; };
		1A9A850F1F88B8060003B9E1 /* TYTabPagerController.m in Sources */ = {isa = PBXBuildFile; fileRef = 1A9A85061F88B58A0003B9E1 /* TYTabPagerController.m */; };
		1A9A85101F88B8090003B9E1 /* TYTabTitleViewCell.m in Sources */ = {isa = PBXBuildFile; fileRef = 1A9A85091F88B58A0003B9E1 /* TYTabTitleViewCell.m */; };
		1A9A85141F88D5B20003B9E1 /* AddressView.m in Sources */ = {isa = PBXBuildFile; fileRef = 1A9A85131F88D5B20003B9E1 /* AddressView.m */; };
		1AE01F861F89F37B00A6AE55 /* AddAddressViewController.m in Sources */ = {isa = PBXBuildFile; fileRef = 1AE01F851F89F37B00A6AE55 /* AddAddressViewController.m */; };
		1AE01F891F89F40700A6AE55 /* AddAddressView.m in Sources */ = {isa = PBXBuildFile; fileRef = 1AE01F881F89F40700A6AE55 /* AddAddressView.m */; };
		B309B889E57DCB587645C70A /* libPods-AiXiangBan.a in Frameworks */ = {isa = PBXBuildFile; fileRef = 17D4EBD14FCAE7A7695BA7FD /* libPods-AiXiangBan.a */; };
/* End PBXBuildFile section */

/* Begin PBXContainerItemProxy section */
		11C9D3FF1F85159D005B3577 /* PBXContainerItemProxy */ = {
			isa = PBXContainerItemProxy;
			containerPortal = 11C9D3DE1F85159D005B3577 /* Project object */;
			proxyType = 1;
			remoteGlobalIDString = 11C9D3E51F85159D005B3577;
			remoteInfo = AiXiangBan;
		};
		11C9D40A1F85159D005B3577 /* PBXContainerItemProxy */ = {
			isa = PBXContainerItemProxy;
			containerPortal = 11C9D3DE1F85159D005B3577 /* Project object */;
			proxyType = 1;
			remoteGlobalIDString = 11C9D3E51F85159D005B3577;
			remoteInfo = AiXiangBan;
		};
/* End PBXContainerItemProxy section */

/* Begin PBXFileReference section */
		11599C391F87CC790005D9ED /* UIView+BorderLine.h */ = {isa = PBXFileReference; lastKnownFileType = sourcecode.c.h; path = "UIView+BorderLine.h"; sourceTree = "<group>"; };
		11599C3A1F87CC790005D9ED /* UIView+BorderLine.m */ = {isa = PBXFileReference; lastKnownFileType = sourcecode.c.objc; path = "UIView+BorderLine.m"; sourceTree = "<group>"; };
		11599C3E1F87D09B0005D9ED /* CallPushView.h */ = {isa = PBXFileReference; lastKnownFileType = sourcecode.c.h; path = CallPushView.h; sourceTree = "<group>"; };
		11599C3F1F87D09B0005D9ED /* CallPushView.m */ = {isa = PBXFileReference; lastKnownFileType = sourcecode.c.objc; path = CallPushView.m; sourceTree = "<group>"; };
		11599C411F87D0C10005D9ED /* CallPushView.xib */ = {isa = PBXFileReference; lastKnownFileType = file.xib; path = CallPushView.xib; sourceTree = "<group>"; };
		11599C431F87DD770005D9ED /* pullView.h */ = {isa = PBXFileReference; lastKnownFileType = sourcecode.c.h; path = pullView.h; sourceTree = "<group>"; };
		11599C441F87DD770005D9ED /* pullView.m */ = {isa = PBXFileReference; lastKnownFileType = sourcecode.c.objc; path = pullView.m; sourceTree = "<group>"; };
		11599C461F87DE6D0005D9ED /* pullView.xib */ = {isa = PBXFileReference; lastKnownFileType = file.xib; path = pullView.xib; sourceTree = "<group>"; };
		11599C481F87E8AC0005D9ED /* HomeCollectionViewCell.h */ = {isa = PBXFileReference; lastKnownFileType = sourcecode.c.h; path = HomeCollectionViewCell.h; sourceTree = "<group>"; };
		11599C491F87E8AC0005D9ED /* HomeCollectionViewCell.m */ = {isa = PBXFileReference; lastKnownFileType = sourcecode.c.objc; path = HomeCollectionViewCell.m; sourceTree = "<group>"; };
		11599C4A1F87E8AC0005D9ED /* HomeCollectionViewCell.xib */ = {isa = PBXFileReference; lastKnownFileType = file.xib; path = HomeCollectionViewCell.xib; sourceTree = "<group>"; };
		11937D6E1F86800900C809C9 /* CALayer+CircleBoard.h */ = {isa = PBXFileReference; lastKnownFileType = sourcecode.c.h; path = "CALayer+CircleBoard.h"; sourceTree = "<group>"; };
		11937D6F1F86800900C809C9 /* CALayer+CircleBoard.m */ = {isa = PBXFileReference; lastKnownFileType = sourcecode.c.objc; path = "CALayer+CircleBoard.m"; sourceTree = "<group>"; };
		11937D711F86807500C809C9 /* UIView+EX.h */ = {isa = PBXFileReference; lastKnownFileType = sourcecode.c.h; path = "UIView+EX.h"; sourceTree = "<group>"; };
		11937D721F86807500C809C9 /* UIView+EX.m */ = {isa = PBXFileReference; lastKnownFileType = sourcecode.c.objc; path = "UIView+EX.m"; sourceTree = "<group>"; };
		11937D741F86879200C809C9 /* RegisterViewController.h */ = {isa = PBXFileReference; lastKnownFileType = sourcecode.c.h; path = RegisterViewController.h; sourceTree = "<group>"; };
		11937D751F86879200C809C9 /* RegisterViewController.m */ = {isa = PBXFileReference; lastKnownFileType = sourcecode.c.objc; path = RegisterViewController.m; sourceTree = "<group>"; };
		11937D761F86879200C809C9 /* RegisterViewController.xib */ = {isa = PBXFileReference; lastKnownFileType = file.xib; path = RegisterViewController.xib; sourceTree = "<group>"; };
		11AF41FF1F87143400903A85 /* HYTimerButton.h */ = {isa = PBXFileReference; lastKnownFileType = sourcecode.c.h; path = HYTimerButton.h; sourceTree = "<group>"; };
		11AF42001F87143400903A85 /* HYTimerButton.m */ = {isa = PBXFileReference; lastKnownFileType = sourcecode.c.objc; path = HYTimerButton.m; sourceTree = "<group>"; };
		11B253291F8668D100994575 /* LoginViewController.h */ = {isa = PBXFileReference; lastKnownFileType = sourcecode.c.h; path = LoginViewController.h; sourceTree = "<group>"; };
		11B2532A1F8668D100994575 /* LoginViewController.m */ = {isa = PBXFileReference; lastKnownFileType = sourcecode.c.objc; path = LoginViewController.m; sourceTree = "<group>"; };
		11B2532B1F8668D100994575 /* LoginViewController.xib */ = {isa = PBXFileReference; lastKnownFileType = file.xib; path = LoginViewController.xib; sourceTree = "<group>"; };
		11C9D3E61F85159D005B3577 /* AiXiangBan.app */ = {isa = PBXFileReference; explicitFileType = wrapper.application; includeInIndex = 0; path = AiXiangBan.app; sourceTree = BUILT_PRODUCTS_DIR; };
		11C9D3E91F85159D005B3577 /* AppDelegate.h */ = {isa = PBXFileReference; lastKnownFileType = sourcecode.c.h; path = AppDelegate.h; sourceTree = "<group>"; };
		11C9D3EA1F85159D005B3577 /* AppDelegate.m */ = {isa = PBXFileReference; lastKnownFileType = sourcecode.c.objc; path = AppDelegate.m; sourceTree = "<group>"; };
		11C9D3F21F85159D005B3577 /* Assets.xcassets */ = {isa = PBXFileReference; lastKnownFileType = folder.assetcatalog; path = Assets.xcassets; sourceTree = "<group>"; };
		11C9D3F71F85159D005B3577 /* Info.plist */ = {isa = PBXFileReference; lastKnownFileType = text.plist.xml; path = Info.plist; sourceTree = "<group>"; };
		11C9D3F81F85159D005B3577 /* main.m */ = {isa = PBXFileReference; lastKnownFileType = sourcecode.c.objc; path = main.m; sourceTree = "<group>"; };
		11C9D3FE1F85159D005B3577 /* AiXiangBanTests.xctest */ = {isa = PBXFileReference; explicitFileType = wrapper.cfbundle; includeInIndex = 0; path = AiXiangBanTests.xctest; sourceTree = BUILT_PRODUCTS_DIR; };
		11C9D4021F85159D005B3577 /* AiXiangBanTests.m */ = {isa = PBXFileReference; lastKnownFileType = sourcecode.c.objc; path = AiXiangBanTests.m; sourceTree = "<group>"; };
		11C9D4041F85159D005B3577 /* Info.plist */ = {isa = PBXFileReference; lastKnownFileType = text.plist.xml; path = Info.plist; sourceTree = "<group>"; };
		11C9D4091F85159D005B3577 /* AiXiangBanUITests.xctest */ = {isa = PBXFileReference; explicitFileType = wrapper.cfbundle; includeInIndex = 0; path = AiXiangBanUITests.xctest; sourceTree = BUILT_PRODUCTS_DIR; };
		11C9D40D1F85159D005B3577 /* AiXiangBanUITests.m */ = {isa = PBXFileReference; lastKnownFileType = sourcecode.c.objc; path = AiXiangBanUITests.m; sourceTree = "<group>"; };
		11C9D40F1F85159D005B3577 /* Info.plist */ = {isa = PBXFileReference; lastKnownFileType = text.plist.xml; path = Info.plist; sourceTree = "<group>"; };
		11C9D4201F851E24005B3577 /* NetWorkManager.h */ = {isa = PBXFileReference; lastKnownFileType = sourcecode.c.h; path = NetWorkManager.h; sourceTree = "<group>"; };
		11C9D4211F851E24005B3577 /* NetWorkManager.m */ = {isa = PBXFileReference; lastKnownFileType = sourcecode.c.objc; path = NetWorkManager.m; sourceTree = "<group>"; };
		11C9D4231F851F5A005B3577 /* AXB.pch */ = {isa = PBXFileReference; lastKnownFileType = sourcecode.c.h; path = AXB.pch; sourceTree = "<group>"; };
		11C9D4241F85232D005B3577 /* Url.h */ = {isa = PBXFileReference; lastKnownFileType = sourcecode.c.h; path = Url.h; sourceTree = "<group>"; };
		11C9D4321F8525CA005B3577 /* BaseViewController.h */ = {isa = PBXFileReference; lastKnownFileType = sourcecode.c.h; path = BaseViewController.h; sourceTree = "<group>"; };
		11C9D4331F8525CA005B3577 /* BaseViewController.m */ = {isa = PBXFileReference; lastKnownFileType = sourcecode.c.objc; path = BaseViewController.m; sourceTree = "<group>"; };
		11C9D44C1F852E1F005B3577 /* HomeViewController.h */ = {isa = PBXFileReference; lastKnownFileType = sourcecode.c.h; path = HomeViewController.h; sourceTree = "<group>"; };
		11C9D44D1F852E1F005B3577 /* HomeViewController.m */ = {isa = PBXFileReference; lastKnownFileType = sourcecode.c.objc; path = HomeViewController.m; sourceTree = "<group>"; };
		11C9D44E1F852E1F005B3577 /* HomeViewController.xib */ = {isa = PBXFileReference; lastKnownFileType = file.xib; path = HomeViewController.xib; sourceTree = "<group>"; };
		11C9D4681F853139005B3577 /* BaseNaviViewController.h */ = {isa = PBXFileReference; lastKnownFileType = sourcecode.c.h; path = BaseNaviViewController.h; sourceTree = "<group>"; };
		11C9D4691F853139005B3577 /* BaseNaviViewController.m */ = {isa = PBXFileReference; lastKnownFileType = sourcecode.c.objc; path = BaseNaviViewController.m; sourceTree = "<group>"; };
		11E09F571F88CF1D004A2BCC /* AskHelpCell.h */ = {isa = PBXFileReference; lastKnownFileType = sourcecode.c.h; path = AskHelpCell.h; sourceTree = "<group>"; };
		11E09F581F88CF1D004A2BCC /* AskHelpCell.m */ = {isa = PBXFileReference; lastKnownFileType = sourcecode.c.objc; path = AskHelpCell.m; sourceTree = "<group>"; };
		11E09F591F88CF1D004A2BCC /* AskHelpCell.xib */ = {isa = PBXFileReference; lastKnownFileType = file.xib; path = AskHelpCell.xib; sourceTree = "<group>"; };
		11E09F5A1F88CF1D004A2BCC /* AskHelpViewController.m */ = {isa = PBXFileReference; lastKnownFileType = sourcecode.c.objc; name = AskHelpViewController.m; path = AiXiangBan/Classes/help/AskHelpViewController.m; sourceTree = SOURCE_ROOT; };
		11E09F5B1F88CF1D004A2BCC /* AskHelpViewController.xib */ = {isa = PBXFileReference; lastKnownFileType = file.xib; name = AskHelpViewController.xib; path = AiXiangBan/Classes/help/AskHelpViewController.xib; sourceTree = SOURCE_ROOT; };
		11E09F5C1F88CF1D004A2BCC /* AskHelpViewController.h */ = {isa = PBXFileReference; lastKnownFileType = sourcecode.c.h; name = AskHelpViewController.h; path = AiXiangBan/Classes/help/AskHelpViewController.h; sourceTree = SOURCE_ROOT; };
		11E09F5D1F88CF1D004A2BCC /* HelpViewController.h */ = {isa = PBXFileReference; lastKnownFileType = sourcecode.c.h; name = HelpViewController.h; path = AiXiangBan/Classes/help/HelpViewController.h; sourceTree = SOURCE_ROOT; };
		11E09F5E1F88CF1D004A2BCC /* HelpViewController.m */ = {isa = PBXFileReference; lastKnownFileType = sourcecode.c.objc; name = HelpViewController.m; path = AiXiangBan/Classes/help/HelpViewController.m; sourceTree = SOURCE_ROOT; };
		11E09F5F1F88CF1E004A2BCC /* HelpViewController.xib */ = {isa = PBXFileReference; lastKnownFileType = file.xib; name = HelpViewController.xib; path = AiXiangBan/Classes/help/HelpViewController.xib; sourceTree = SOURCE_ROOT; };
		11E09F661F88D1B5004A2BCC /* MyViewController.h */ = {isa = PBXFileReference; lastKnownFileType = sourcecode.c.h; path = MyViewController.h; sourceTree = "<group>"; };
		11E09F671F88D1B5004A2BCC /* MyViewController.m */ = {isa = PBXFileReference; lastKnownFileType = sourcecode.c.objc; path = MyViewController.m; sourceTree = "<group>"; };
		11E09F6C1F88D610004A2BCC /* AccountViewController.h */ = {isa = PBXFileReference; lastKnownFileType = sourcecode.c.h; path = AccountViewController.h; sourceTree = "<group>"; };
		11E09F6D1F88D610004A2BCC /* AccountViewController.m */ = {isa = PBXFileReference; lastKnownFileType = sourcecode.c.objc; path = AccountViewController.m; sourceTree = "<group>"; };
		11E09F6E1F88D610004A2BCC /* AccountViewController.xib */ = {isa = PBXFileReference; lastKnownFileType = file.xib; path = AccountViewController.xib; sourceTree = "<group>"; };
		11E09F711F88E141004A2BCC /* RechargeViewController.h */ = {isa = PBXFileReference; lastKnownFileType = sourcecode.c.h; path = RechargeViewController.h; sourceTree = "<group>"; };
		11E09F721F88E141004A2BCC /* RechargeViewController.m */ = {isa = PBXFileReference; lastKnownFileType = sourcecode.c.objc; path = RechargeViewController.m; sourceTree = "<group>"; };
		11E09F771F88E989004A2BCC /* RechargeCell.h */ = {isa = PBXFileReference; lastKnownFileType = sourcecode.c.h; path = RechargeCell.h; sourceTree = "<group>"; };
		11E09F781F88E989004A2BCC /* RechargeCell.m */ = {isa = PBXFileReference; lastKnownFileType = sourcecode.c.objc; path = RechargeCell.m; sourceTree = "<group>"; };
		11E09F791F88E989004A2BCC /* RechargeCell.xib */ = {isa = PBXFileReference; lastKnownFileType = file.xib; path = RechargeCell.xib; sourceTree = "<group>"; };
		11E09F7C1F88F82E004A2BCC /* ConfirmViewController.h */ = {isa = PBXFileReference; lastKnownFileType = sourcecode.c.h; path = ConfirmViewController.h; sourceTree = "<group>"; };
		11E09F7D1F88F82E004A2BCC /* ConfirmViewController.m */ = {isa = PBXFileReference; lastKnownFileType = sourcecode.c.objc; path = ConfirmViewController.m; sourceTree = "<group>"; };
		11E09F7E1F88F82E004A2BCC /* ConfirmViewController.xib */ = {isa = PBXFileReference; lastKnownFileType = file.xib; path = ConfirmViewController.xib; sourceTree = "<group>"; };
		11E09F811F88FC29004A2BCC /* RechargeRecordController.h */ = {isa = PBXFileReference; lastKnownFileType = sourcecode.c.h; path = RechargeRecordController.h; sourceTree = "<group>"; };
		11E09F821F88FC29004A2BCC /* RechargeRecordController.m */ = {isa = PBXFileReference; lastKnownFileType = sourcecode.c.objc; path = RechargeRecordController.m; sourceTree = "<group>"; };
		11E09F841F890156004A2BCC /* RechargeRecordCell.h */ = {isa = PBXFileReference; lastKnownFileType = sourcecode.c.h; path = RechargeRecordCell.h; sourceTree = "<group>"; };
		11E09F851F890156004A2BCC /* RechargeRecordCell.m */ = {isa = PBXFileReference; lastKnownFileType = sourcecode.c.objc; path = RechargeRecordCell.m; sourceTree = "<group>"; };
		11E09F861F890156004A2BCC /* RechargeRecordCell.xib */ = {isa = PBXFileReference; lastKnownFileType = file.xib; path = RechargeRecordCell.xib; sourceTree = "<group>"; };
		11E09F891F890440004A2BCC /* BillViewController.h */ = {isa = PBXFileReference; lastKnownFileType = sourcecode.c.h; path = BillViewController.h; sourceTree = "<group>"; };
		11E09F8A1F890440004A2BCC /* BillViewController.m */ = {isa = PBXFileReference; lastKnownFileType = sourcecode.c.objc; path = BillViewController.m; sourceTree = "<group>"; };
		11E09F8C1F8904BD004A2BCC /* BillCell.h */ = {isa = PBXFileReference; lastKnownFileType = sourcecode.c.h; path = BillCell.h; sourceTree = "<group>"; };
		11E09F8D1F8904BD004A2BCC /* BillCell.m */ = {isa = PBXFileReference; lastKnownFileType = sourcecode.c.objc; path = BillCell.m; sourceTree = "<group>"; };
		11E09F8E1F8904BD004A2BCC /* BillCell.xib */ = {isa = PBXFileReference; lastKnownFileType = file.xib; path = BillCell.xib; sourceTree = "<group>"; };
		17D4EBD14FCAE7A7695BA7FD /* libPods-AiXiangBan.a */ = {isa = PBXFileReference; explicitFileType = archive.ar; includeInIndex = 0; path = "libPods-AiXiangBan.a"; sourceTree = BUILT_PRODUCTS_DIR; };
		1A9A84C91F878E380003B9E1 /* KRBaseTool.m */ = {isa = PBXFileReference; lastKnownFileType = sourcecode.c.objc; path = KRBaseTool.m; sourceTree = "<group>"; };
		1A9A84CA1F878E380003B9E1 /* LRMacroDefinitionHeader.h */ = {isa = PBXFileReference; lastKnownFileType = sourcecode.c.h; path = LRMacroDefinitionHeader.h; sourceTree = "<group>"; };
		1A9A84CB1F878E390003B9E1 /* KRBaseTool.h */ = {isa = PBXFileReference; lastKnownFileType = sourcecode.c.h; path = KRBaseTool.h; sourceTree = "<group>"; };
		1A9A84CC1F878E4F0003B9E1 /* KRUserInfo.m */ = {isa = PBXFileReference; lastKnownFileType = sourcecode.c.objc; path = KRUserInfo.m; sourceTree = "<group>"; };
		1A9A84CD1F878E4F0003B9E1 /* KRMainNetTool.m */ = {isa = PBXFileReference; lastKnownFileType = sourcecode.c.objc; path = KRMainNetTool.m; sourceTree = "<group>"; };
		1A9A84CE1F878E4F0003B9E1 /* KRUserInfo.h */ = {isa = PBXFileReference; lastKnownFileType = sourcecode.c.h; path = KRUserInfo.h; sourceTree = "<group>"; };
		1A9A84CF1F878E4F0003B9E1 /* KRMainNetTool.h */ = {isa = PBXFileReference; lastKnownFileType = sourcecode.c.h; path = KRMainNetTool.h; sourceTree = "<group>"; };
		1A9A84D01F878E4F0003B9E1 /* Singleton.h */ = {isa = PBXFileReference; lastKnownFileType = sourcecode.c.h; path = Singleton.h; sourceTree = "<group>"; };
		1A9A84D51F878F250003B9E1 /* NSString+CZNSStringExt.m */ = {isa = PBXFileReference; lastKnownFileType = sourcecode.c.objc; path = "NSString+CZNSStringExt.m"; sourceTree = "<group>"; };
		1A9A84D61F878F250003B9E1 /* UITableView+KREmptyData.m */ = {isa = PBXFileReference; lastKnownFileType = sourcecode.c.objc; path = "UITableView+KREmptyData.m"; sourceTree = "<group>"; };
		1A9A84D71F878F250003B9E1 /* MBProgressHUD+KR.h */ = {isa = PBXFileReference; lastKnownFileType = sourcecode.c.h; path = "MBProgressHUD+KR.h"; sourceTree = "<group>"; };
		1A9A84D81F878F250003B9E1 /* MBProgressHUD.bundle */ = {isa = PBXFileReference; lastKnownFileType = "wrapper.plug-in"; path = MBProgressHUD.bundle; sourceTree = "<group>"; };
		1A9A84D91F878F250003B9E1 /* NSString+CZNSStringExt.h */ = {isa = PBXFileReference; lastKnownFileType = sourcecode.c.h; path = "NSString+CZNSStringExt.h"; sourceTree = "<group>"; };
		1A9A84DA1F878F260003B9E1 /* UITableView+KREmptyData.h */ = {isa = PBXFileReference; lastKnownFileType = sourcecode.c.h; path = "UITableView+KREmptyData.h"; sourceTree = "<group>"; };
		1A9A84DB1F878F260003B9E1 /* NSObject+KRExtention.h */ = {isa = PBXFileReference; lastKnownFileType = sourcecode.c.h; path = "NSObject+KRExtention.h"; sourceTree = "<group>"; };
		1A9A84DC1F878F260003B9E1 /* NSObject+KRExtention.m */ = {isa = PBXFileReference; lastKnownFileType = sourcecode.c.objc; path = "NSObject+KRExtention.m"; sourceTree = "<group>"; };
		1A9A84DD1F878F260003B9E1 /* MBProgressHUD+KR.m */ = {isa = PBXFileReference; lastKnownFileType = sourcecode.c.objc; path = "MBProgressHUD+KR.m"; sourceTree = "<group>"; };
		1A9A84E21F87D8EA0003B9E1 /* MineViewController.h */ = {isa = PBXFileReference; lastKnownFileType = sourcecode.c.h; path = MineViewController.h; sourceTree = "<group>"; };
		1A9A84E31F87D8EA0003B9E1 /* MineViewController.m */ = {isa = PBXFileReference; lastKnownFileType = sourcecode.c.objc; path = MineViewController.m; sourceTree = "<group>"; };
		1A9A84E61F87E6020003B9E1 /* MineInfoView.h */ = {isa = PBXFileReference; lastKnownFileType = sourcecode.c.h; path = MineInfoView.h; sourceTree = "<group>"; };
		1A9A84E71F87E6020003B9E1 /* MineInfoView.m */ = {isa = PBXFileReference; lastKnownFileType = sourcecode.c.objc; path = MineInfoView.m; sourceTree = "<group>"; };
		1A9A84E91F886B2F0003B9E1 /* RepareInfoViewController.h */ = {isa = PBXFileReference; lastKnownFileType = sourcecode.c.h; path = RepareInfoViewController.h; sourceTree = "<group>"; };
		1A9A84EA1F886B2F0003B9E1 /* RepareInfoViewController.m */ = {isa = PBXFileReference; lastKnownFileType = sourcecode.c.objc; path = RepareInfoViewController.m; sourceTree = "<group>"; };
		1A9A84EC1F886FDB0003B9E1 /* SettingViewController.h */ = {isa = PBXFileReference; lastKnownFileType = sourcecode.c.h; path = SettingViewController.h; sourceTree = "<group>"; };
		1A9A84ED1F886FDB0003B9E1 /* SettingViewController.m */ = {isa = PBXFileReference; lastKnownFileType = sourcecode.c.objc; path = SettingViewController.m; sourceTree = "<group>"; };
		1A9A84EF1F88771B0003B9E1 /* AboutUsViewController.h */ = {isa = PBXFileReference; lastKnownFileType = sourcecode.c.h; path = AboutUsViewController.h; sourceTree = "<group>"; };
		1A9A84F01F88771B0003B9E1 /* AboutUsViewController.m */ = {isa = PBXFileReference; lastKnownFileType = sourcecode.c.objc; path = AboutUsViewController.m; sourceTree = "<group>"; };
		1A9A84F21F8879630003B9E1 /* ReparePwsViewController.h */ = {isa = PBXFileReference; lastKnownFileType = sourcecode.c.h; path = ReparePwsViewController.h; sourceTree = "<group>"; };
		1A9A84F31F8879630003B9E1 /* ReparePwsViewController.m */ = {isa = PBXFileReference; lastKnownFileType = sourcecode.c.objc; path = ReparePwsViewController.m; sourceTree = "<group>"; };
		1A9A84F61F88A6B90003B9E1 /* ZHLSB.storyboard */ = {isa = PBXFileReference; lastKnownFileType = file.storyboard; path = ZHLSB.storyboard; sourceTree = "<group>"; };
		1A9A84F91F88A7950003B9E1 /* RobotViewController.h */ = {isa = PBXFileReference; lastKnownFileType = sourcecode.c.h; path = RobotViewController.h; sourceTree = "<group>"; };
		1A9A84FA1F88A7950003B9E1 /* RobotViewController.m */ = {isa = PBXFileReference; lastKnownFileType = sourcecode.c.objc; path = RobotViewController.m; sourceTree = "<group>"; };
		1A9A84FC1F88A8200003B9E1 /* RobotView.h */ = {isa = PBXFileReference; lastKnownFileType = sourcecode.c.h; path = RobotView.h; sourceTree = "<group>"; };
		1A9A84FD1F88A8200003B9E1 /* RobotView.m */ = {isa = PBXFileReference; lastKnownFileType = sourcecode.c.objc; path = RobotView.m; sourceTree = "<group>"; };
		1A9A85011F88B58A0003B9E1 /* TYPagerController.h */ = {isa = PBXFileReference; lastKnownFileType = sourcecode.c.h; path = TYPagerController.h; sourceTree = "<group>"; };
		1A9A85021F88B58A0003B9E1 /* TYPagerController.m */ = {isa = PBXFileReference; lastKnownFileType = sourcecode.c.objc; path = TYPagerController.m; sourceTree = "<group>"; };
		1A9A85031F88B58A0003B9E1 /* TYTabButtonPagerController.h */ = {isa = PBXFileReference; lastKnownFileType = sourcecode.c.h; path = TYTabButtonPagerController.h; sourceTree = "<group>"; };
		1A9A85041F88B58A0003B9E1 /* TYTabButtonPagerController.m */ = {isa = PBXFileReference; lastKnownFileType = sourcecode.c.objc; path = TYTabButtonPagerController.m; sourceTree = "<group>"; };
		1A9A85051F88B58A0003B9E1 /* TYTabPagerController.h */ = {isa = PBXFileReference; lastKnownFileType = sourcecode.c.h; path = TYTabPagerController.h; sourceTree = "<group>"; };
		1A9A85061F88B58A0003B9E1 /* TYTabPagerController.m */ = {isa = PBXFileReference; lastKnownFileType = sourcecode.c.objc; path = TYTabPagerController.m; sourceTree = "<group>"; };
		1A9A85071F88B58A0003B9E1 /* TYTabTitleCellProtocol.h */ = {isa = PBXFileReference; lastKnownFileType = sourcecode.c.h; path = TYTabTitleCellProtocol.h; sourceTree = "<group>"; };
		1A9A85081F88B58A0003B9E1 /* TYTabTitleViewCell.h */ = {isa = PBXFileReference; lastKnownFileType = sourcecode.c.h; path = TYTabTitleViewCell.h; sourceTree = "<group>"; };
		1A9A85091F88B58A0003B9E1 /* TYTabTitleViewCell.m */ = {isa = PBXFileReference; lastKnownFileType = sourcecode.c.objc; path = TYTabTitleViewCell.m; sourceTree = "<group>"; };
		1A9A850A1F88B5CC0003B9E1 /* AddressBookViewController.h */ = {isa = PBXFileReference; lastKnownFileType = sourcecode.c.h; path = AddressBookViewController.h; sourceTree = "<group>"; };
		1A9A850B1F88B5CC0003B9E1 /* AddressBookViewController.m */ = {isa = PBXFileReference; lastKnownFileType = sourcecode.c.objc; path = AddressBookViewController.m; sourceTree = "<group>"; };
		1A9A85121F88D5B20003B9E1 /* AddressView.h */ = {isa = PBXFileReference; lastKnownFileType = sourcecode.c.h; path = AddressView.h; sourceTree = "<group>"; };
		1A9A85131F88D5B20003B9E1 /* AddressView.m */ = {isa = PBXFileReference; lastKnownFileType = sourcecode.c.objc; path = AddressView.m; sourceTree = "<group>"; };
		1AE01F841F89F37B00A6AE55 /* AddAddressViewController.h */ = {isa = PBXFileReference; lastKnownFileType = sourcecode.c.h; path = AddAddressViewController.h; sourceTree = "<group>"; };
		1AE01F851F89F37B00A6AE55 /* AddAddressViewController.m */ = {isa = PBXFileReference; lastKnownFileType = sourcecode.c.objc; path = AddAddressViewController.m; sourceTree = "<group>"; };
		1AE01F871F89F40700A6AE55 /* AddAddressView.h */ = {isa = PBXFileReference; lastKnownFileType = sourcecode.c.h; path = AddAddressView.h; sourceTree = "<group>"; };
		1AE01F881F89F40700A6AE55 /* AddAddressView.m */ = {isa = PBXFileReference; lastKnownFileType = sourcecode.c.objc; path = AddAddressView.m; sourceTree = "<group>"; };
		39D798FB88F1894B8D065316 /* Pods-AiXiangBan.release.xcconfig */ = {isa = PBXFileReference; includeInIndex = 1; lastKnownFileType = text.xcconfig; name = "Pods-AiXiangBan.release.xcconfig"; path = "Pods/Target Support Files/Pods-AiXiangBan/Pods-AiXiangBan.release.xcconfig"; sourceTree = "<group>"; };
		CD03534C1B3E5E3666FC42C5 /* Pods-AiXiangBan.debug.xcconfig */ = {isa = PBXFileReference; includeInIndex = 1; lastKnownFileType = text.xcconfig; name = "Pods-AiXiangBan.debug.xcconfig"; path = "Pods/Target Support Files/Pods-AiXiangBan/Pods-AiXiangBan.debug.xcconfig"; sourceTree = "<group>"; };
/* End PBXFileReference section */

/* Begin PBXFrameworksBuildPhase section */
		11C9D3E31F85159D005B3577 /* Frameworks */ = {
			isa = PBXFrameworksBuildPhase;
			buildActionMask = 2147483647;
			files = (
				B309B889E57DCB587645C70A /* libPods-AiXiangBan.a in Frameworks */,
			);
			runOnlyForDeploymentPostprocessing = 0;
		};
		11C9D3FB1F85159D005B3577 /* Frameworks */ = {
			isa = PBXFrameworksBuildPhase;
			buildActionMask = 2147483647;
			files = (
			);
			runOnlyForDeploymentPostprocessing = 0;
		};
		11C9D4061F85159D005B3577 /* Frameworks */ = {
			isa = PBXFrameworksBuildPhase;
			buildActionMask = 2147483647;
			files = (
			);
			runOnlyForDeploymentPostprocessing = 0;
		};
/* End PBXFrameworksBuildPhase section */

/* Begin PBXGroup section */
		11599C3C1F87D05C0005D9ED /* controller */ = {
			isa = PBXGroup;
			children = (
				11C9D44C1F852E1F005B3577 /* HomeViewController.h */,
				11C9D44D1F852E1F005B3577 /* HomeViewController.m */,
				11C9D44E1F852E1F005B3577 /* HomeViewController.xib */,
			);
			path = controller;
			sourceTree = "<group>";
		};
		11599C3D1F87D0690005D9ED /* views */ = {
			isa = PBXGroup;
			children = (
				11599C3E1F87D09B0005D9ED /* CallPushView.h */,
				11599C3F1F87D09B0005D9ED /* CallPushView.m */,
				11599C411F87D0C10005D9ED /* CallPushView.xib */,
				11599C431F87DD770005D9ED /* pullView.h */,
				11599C441F87DD770005D9ED /* pullView.m */,
				11599C461F87DE6D0005D9ED /* pullView.xib */,
				11599C481F87E8AC0005D9ED /* HomeCollectionViewCell.h */,
				11599C491F87E8AC0005D9ED /* HomeCollectionViewCell.m */,
				11599C4A1F87E8AC0005D9ED /* HomeCollectionViewCell.xib */,
			);
			path = views;
			sourceTree = "<group>";
		};
		11AF41FE1F87143400903A85 /* TimerButton */ = {
			isa = PBXGroup;
			children = (
				11AF41FF1F87143400903A85 /* HYTimerButton.h */,
				11AF42001F87143400903A85 /* HYTimerButton.m */,
			);
			path = TimerButton;
			sourceTree = "<group>";
		};
		11B2532E1F867C2700994575 /* Category */ = {
			isa = PBXGroup;
			children = (
				11937D6E1F86800900C809C9 /* CALayer+CircleBoard.h */,
				11937D6F1F86800900C809C9 /* CALayer+CircleBoard.m */,
				11937D711F86807500C809C9 /* UIView+EX.h */,
				11937D721F86807500C809C9 /* UIView+EX.m */,
			);
			path = Category;
			sourceTree = "<group>";
		};
		11C9D3DD1F85159D005B3577 = {
			isa = PBXGroup;
			children = (
				11C9D3E81F85159D005B3577 /* AiXiangBan */,
				11C9D4011F85159D005B3577 /* AiXiangBanTests */,
				11C9D40C1F85159D005B3577 /* AiXiangBanUITests */,
				11C9D3E71F85159D005B3577 /* Products */,
				36B504FA783D063403AF5057 /* Pods */,
				DFC82970BC5F0D5944C90933 /* Frameworks */,
			);
			sourceTree = "<group>";
		};
		11C9D3E71F85159D005B3577 /* Products */ = {
			isa = PBXGroup;
			children = (
				11C9D3E61F85159D005B3577 /* AiXiangBan.app */,
				11C9D3FE1F85159D005B3577 /* AiXiangBanTests.xctest */,
				11C9D4091F85159D005B3577 /* AiXiangBanUITests.xctest */,
			);
			name = Products;
			sourceTree = "<group>";
		};
		11C9D3E81F85159D005B3577 /* AiXiangBan */ = {
			isa = PBXGroup;
			children = (
				1A9A84F51F88A69E0003B9E1 /* SBS */,
				11C9D41E1F851D98005B3577 /* Tools */,
				11C9D41D1F851D57005B3577 /* Resources */,
				11C9D41C1F851D27005B3577 /* Classes */,
				11C9D41B1F851D04005B3577 /* SupportFiles */,
			);
			path = AiXiangBan;
			sourceTree = "<group>";
		};
		11C9D4011F85159D005B3577 /* AiXiangBanTests */ = {
			isa = PBXGroup;
			children = (
				11C9D4021F85159D005B3577 /* AiXiangBanTests.m */,
				11C9D4041F85159D005B3577 /* Info.plist */,
			);
			path = AiXiangBanTests;
			sourceTree = "<group>";
		};
		11C9D40C1F85159D005B3577 /* AiXiangBanUITests */ = {
			isa = PBXGroup;
			children = (
				11C9D40D1F85159D005B3577 /* AiXiangBanUITests.m */,
				11C9D40F1F85159D005B3577 /* Info.plist */,
			);
			path = AiXiangBanUITests;
			sourceTree = "<group>";
		};
		11C9D41B1F851D04005B3577 /* SupportFiles */ = {
			isa = PBXGroup;
			children = (
				11C9D3E91F85159D005B3577 /* AppDelegate.h */,
				11C9D3EA1F85159D005B3577 /* AppDelegate.m */,
				11C9D3F21F85159D005B3577 /* Assets.xcassets */,
				11C9D3F71F85159D005B3577 /* Info.plist */,
				11C9D3F81F85159D005B3577 /* main.m */,
				11C9D4231F851F5A005B3577 /* AXB.pch */,
				11C9D4241F85232D005B3577 /* Url.h */,
			);
			path = SupportFiles;
			sourceTree = "<group>";
		};
		11C9D41C1F851D27005B3577 /* Classes */ = {
			isa = PBXGroup;
			children = (
				11E09F6B1F88D5CD004A2BCC /* Service */,
				11C9D4311F85257E005B3577 /* Robot */,
				11C9D4301F852574005B3577 /* Location */,
				11C9D42F1F852538005B3577 /* Help */,
				11C9D42E1F852524005B3577 /* Call */,
				11C9D42C1F8524FC005B3577 /* Look */,
				11C9D42B1F8524E6005B3577 /* TendGroup */,
				11C9D42A1F8524B5005B3577 /* Alarm */,
				11C9D4291F852490005B3577 /* AddressBook */,
				11C9D4281F85247A005B3577 /* My */,
				11C9D4271F85246B005B3577 /* Home */,
				11C9D4261F8523BD005B3577 /* Login&&Register */,
				11C9D4251F8523AA005B3577 /* BaseViewController */,
			);
			path = Classes;
			sourceTree = "<group>";
		};
		11C9D41D1F851D57005B3577 /* Resources */ = {
			isa = PBXGroup;
			children = (
				11AF41FE1F87143400903A85 /* TimerButton */,
				11B2532E1F867C2700994575 /* Category */,
			);
			path = Resources;
			sourceTree = "<group>";
		};
		11C9D41E1F851D98005B3577 /* Tools */ = {
			isa = PBXGroup;
			children = (
				1A9A85001F88B58A0003B9E1 /* TYPagerController */,
				1A9A84FF1F88AD920003B9E1 /* 公用Views */,
				1A9A84D41F878F0F0003B9E1 /* 分类 */,
				1A9A84CF1F878E4F0003B9E1 /* KRMainNetTool.h */,
				1A9A84CD1F878E4F0003B9E1 /* KRMainNetTool.m */,
				1A9A84CE1F878E4F0003B9E1 /* KRUserInfo.h */,
				1A9A84CC1F878E4F0003B9E1 /* KRUserInfo.m */,
				1A9A84D01F878E4F0003B9E1 /* Singleton.h */,
				1A9A84CB1F878E390003B9E1 /* KRBaseTool.h */,
				1A9A84C91F878E380003B9E1 /* KRBaseTool.m */,
				1A9A84CA1F878E380003B9E1 /* LRMacroDefinitionHeader.h */,
				11C9D41F1F851DE7005B3577 /* NetWorkManager */,
			);
			path = Tools;
			sourceTree = "<group>";
		};
		11C9D41F1F851DE7005B3577 /* NetWorkManager */ = {
			isa = PBXGroup;
			children = (
				11C9D4201F851E24005B3577 /* NetWorkManager.h */,
				11C9D4211F851E24005B3577 /* NetWorkManager.m */,
			);
			path = NetWorkManager;
			sourceTree = "<group>";
		};
		11C9D4251F8523AA005B3577 /* BaseViewController */ = {
			isa = PBXGroup;
			children = (
				11C9D4321F8525CA005B3577 /* BaseViewController.h */,
				11C9D4331F8525CA005B3577 /* BaseViewController.m */,
				11C9D4681F853139005B3577 /* BaseNaviViewController.h */,
				11C9D4691F853139005B3577 /* BaseNaviViewController.m */,
			);
			path = BaseViewController;
			sourceTree = "<group>";
		};
		11C9D4261F8523BD005B3577 /* Login&&Register */ = {
			isa = PBXGroup;
			children = (
				11B253291F8668D100994575 /* LoginViewController.h */,
				11B2532A1F8668D100994575 /* LoginViewController.m */,
				11B2532B1F8668D100994575 /* LoginViewController.xib */,
				11937D741F86879200C809C9 /* RegisterViewController.h */,
				11937D751F86879200C809C9 /* RegisterViewController.m */,
				11937D761F86879200C809C9 /* RegisterViewController.xib */,
			);
			path = "Login&&Register";
			sourceTree = "<group>";
		};
		11C9D4271F85246B005B3577 /* Home */ = {
			isa = PBXGroup;
			children = (
				11599C3D1F87D0690005D9ED /* views */,
				11599C3C1F87D05C0005D9ED /* controller */,
			);
			path = Home;
			sourceTree = "<group>";
		};
		11C9D4281F85247A005B3577 /* My */ = {
			isa = PBXGroup;
			children = (
				1A9A84E51F87E5EA0003B9E1 /* InfoView */,
				1A9A84E21F87D8EA0003B9E1 /* MineViewController.h */,
				1A9A84E31F87D8EA0003B9E1 /* MineViewController.m */,
				1A9A84E91F886B2F0003B9E1 /* RepareInfoViewController.h */,
				1A9A84EA1F886B2F0003B9E1 /* RepareInfoViewController.m */,
				1A9A84EC1F886FDB0003B9E1 /* SettingViewController.h */,
				1A9A84ED1F886FDB0003B9E1 /* SettingViewController.m */,
				1A9A84EF1F88771B0003B9E1 /* AboutUsViewController.h */,
				1A9A84F01F88771B0003B9E1 /* AboutUsViewController.m */,
				1A9A84F21F8879630003B9E1 /* ReparePwsViewController.h */,
				1A9A84F31F8879630003B9E1 /* ReparePwsViewController.m */,
				11E09F661F88D1B5004A2BCC /* MyViewController.h */,
				11E09F671F88D1B5004A2BCC /* MyViewController.m */,
			);
			path = My;
			sourceTree = "<group>";
		};
		11C9D4291F852490005B3577 /* AddressBook */ = {
			isa = PBXGroup;
			children = (
				1A9A85111F88D5960003B9E1 /* AddressVew */,
				1A9A850A1F88B5CC0003B9E1 /* AddressBookViewController.h */,
				1A9A850B1F88B5CC0003B9E1 /* AddressBookViewController.m */,
				1AE01F841F89F37B00A6AE55 /* AddAddressViewController.h */,
				1AE01F851F89F37B00A6AE55 /* AddAddressViewController.m */,
			);
			path = AddressBook;
			sourceTree = "<group>";
		};
		11C9D42A1F8524B5005B3577 /* Alarm */ = {
			isa = PBXGroup;
			children = (
			);
			path = Alarm;
			sourceTree = "<group>";
		};
		11C9D42B1F8524E6005B3577 /* TendGroup */ = {
			isa = PBXGroup;
			children = (
			);
			path = TendGroup;
			sourceTree = "<group>";
		};
		11C9D42C1F8524FC005B3577 /* Look */ = {
			isa = PBXGroup;
			children = (
			);
			path = Look;
			sourceTree = "<group>";
		};
		11C9D42E1F852524005B3577 /* Call */ = {
			isa = PBXGroup;
			children = (
			);
			path = Call;
			sourceTree = "<group>";
		};
		11C9D42F1F852538005B3577 /* Help */ = {
			isa = PBXGroup;
			children = (
				11E09F5C1F88CF1D004A2BCC /* AskHelpViewController.h */,
				11E09F5A1F88CF1D004A2BCC /* AskHelpViewController.m */,
				11E09F5B1F88CF1D004A2BCC /* AskHelpViewController.xib */,
				11E09F5D1F88CF1D004A2BCC /* HelpViewController.h */,
				11E09F5E1F88CF1D004A2BCC /* HelpViewController.m */,
				11E09F5F1F88CF1E004A2BCC /* HelpViewController.xib */,
				11E09F561F88CF1D004A2BCC /* Views */,
			);
			path = Help;
			sourceTree = "<group>";
		};
		11C9D4301F852574005B3577 /* Location */ = {
			isa = PBXGroup;
			children = (
			);
			path = Location;
			sourceTree = "<group>";
		};
		11C9D4311F85257E005B3577 /* Robot */ = {
			isa = PBXGroup;
			children = (
				1A9A84F81F88A77F0003B9E1 /* robViews */,
				1A9A84F91F88A7950003B9E1 /* RobotViewController.h */,
				1A9A84FA1F88A7950003B9E1 /* RobotViewController.m */,
			);
			path = Robot;
			sourceTree = "<group>";
		};
		11E09F561F88CF1D004A2BCC /* Views */ = {
			isa = PBXGroup;
			children = (
				11E09F571F88CF1D004A2BCC /* AskHelpCell.h */,
				11E09F581F88CF1D004A2BCC /* AskHelpCell.m */,
				11E09F591F88CF1D004A2BCC /* AskHelpCell.xib */,
			);
			name = Views;
			path = AiXiangBan/Classes/help/Views;
			sourceTree = SOURCE_ROOT;
		};
		11E09F6B1F88D5CD004A2BCC /* Service */ = {
			isa = PBXGroup;
			children = (
				11E09F761F88E95E004A2BCC /* views */,
				11E09F6C1F88D610004A2BCC /* AccountViewController.h */,
				11E09F6D1F88D610004A2BCC /* AccountViewController.m */,
				11E09F6E1F88D610004A2BCC /* AccountViewController.xib */,
				11E09F711F88E141004A2BCC /* RechargeViewController.h */,
				11E09F721F88E141004A2BCC /* RechargeViewController.m */,
				11E09F7C1F88F82E004A2BCC /* ConfirmViewController.h */,
				11E09F7D1F88F82E004A2BCC /* ConfirmViewController.m */,
				11E09F7E1F88F82E004A2BCC /* ConfirmViewController.xib */,
				11E09F811F88FC29004A2BCC /* RechargeRecordController.h */,
				11E09F821F88FC29004A2BCC /* RechargeRecordController.m */,
				11E09F891F890440004A2BCC /* BillViewController.h */,
				11E09F8A1F890440004A2BCC /* BillViewController.m */,
			);
			path = Service;
			sourceTree = "<group>";
		};
		11E09F761F88E95E004A2BCC /* views */ = {
			isa = PBXGroup;
			children = (
				11E09F771F88E989004A2BCC /* RechargeCell.h */,
				11E09F781F88E989004A2BCC /* RechargeCell.m */,
				11E09F791F88E989004A2BCC /* RechargeCell.xib */,
				11E09F841F890156004A2BCC /* RechargeRecordCell.h */,
				11E09F851F890156004A2BCC /* RechargeRecordCell.m */,
				11E09F861F890156004A2BCC /* RechargeRecordCell.xib */,
				11E09F8C1F8904BD004A2BCC /* BillCell.h */,
				11E09F8D1F8904BD004A2BCC /* BillCell.m */,
				11E09F8E1F8904BD004A2BCC /* BillCell.xib */,
			);
			path = views;
			sourceTree = "<group>";
		};
		1A9A84D41F878F0F0003B9E1 /* 分类 */ = {
			isa = PBXGroup;
			children = (
				1A9A84D91F878F250003B9E1 /* NSString+CZNSStringExt.h */,
				1A9A84D51F878F250003B9E1 /* NSString+CZNSStringExt.m */,
				1A9A84DA1F878F260003B9E1 /* UITableView+KREmptyData.h */,
				1A9A84D61F878F250003B9E1 /* UITableView+KREmptyData.m */,
				1A9A84D71F878F250003B9E1 /* MBProgressHUD+KR.h */,
				1A9A84DD1F878F260003B9E1 /* MBProgressHUD+KR.m */,
				1A9A84D81F878F250003B9E1 /* MBProgressHUD.bundle */,
				1A9A84DB1F878F260003B9E1 /* NSObject+KRExtention.h */,
				1A9A84DC1F878F260003B9E1 /* NSObject+KRExtention.m */,
				11599C391F87CC790005D9ED /* UIView+BorderLine.h */,
				11599C3A1F87CC790005D9ED /* UIView+BorderLine.m */,
			);
			path = "分类";
			sourceTree = "<group>";
		};
		1A9A84E51F87E5EA0003B9E1 /* InfoView */ = {
			isa = PBXGroup;
			children = (
				1A9A84E61F87E6020003B9E1 /* MineInfoView.h */,
				1A9A84E71F87E6020003B9E1 /* MineInfoView.m */,
			);
			path = InfoView;
			sourceTree = "<group>";
		};
		1A9A84F51F88A69E0003B9E1 /* SBS */ = {
			isa = PBXGroup;
			children = (
				1A9A84F61F88A6B90003B9E1 /* ZHLSB.storyboard */,
			);
			path = SBS;
			sourceTree = "<group>";
		};
		1A9A84F81F88A77F0003B9E1 /* robViews */ = {
			isa = PBXGroup;
			children = (
				1A9A84FC1F88A8200003B9E1 /* RobotView.h */,
				1A9A84FD1F88A8200003B9E1 /* RobotView.m */,
			);
			path = robViews;
			sourceTree = "<group>";
		};
		1A9A84FF1F88AD920003B9E1 /* 公用Views */ = {
			isa = PBXGroup;
			children = (
			);
			path = "公用Views";
			sourceTree = "<group>";
		};
		1A9A85001F88B58A0003B9E1 /* TYPagerController */ = {
			isa = PBXGroup;
			children = (
				1A9A85011F88B58A0003B9E1 /* TYPagerController.h */,
				1A9A85021F88B58A0003B9E1 /* TYPagerController.m */,
				1A9A85031F88B58A0003B9E1 /* TYTabButtonPagerController.h */,
				1A9A85041F88B58A0003B9E1 /* TYTabButtonPagerController.m */,
				1A9A85051F88B58A0003B9E1 /* TYTabPagerController.h */,
				1A9A85061F88B58A0003B9E1 /* TYTabPagerController.m */,
				1A9A85071F88B58A0003B9E1 /* TYTabTitleCellProtocol.h */,
				1A9A85081F88B58A0003B9E1 /* TYTabTitleViewCell.h */,
				1A9A85091F88B58A0003B9E1 /* TYTabTitleViewCell.m */,
			);
			path = TYPagerController;
			sourceTree = "<group>";
		};
		1A9A85111F88D5960003B9E1 /* AddressVew */ = {
			isa = PBXGroup;
			children = (
				1A9A85121F88D5B20003B9E1 /* AddressView.h */,
				1A9A85131F88D5B20003B9E1 /* AddressView.m */,
				1AE01F871F89F40700A6AE55 /* AddAddressView.h */,
				1AE01F881F89F40700A6AE55 /* AddAddressView.m */,
			);
			path = AddressVew;
			sourceTree = "<group>";
		};
		36B504FA783D063403AF5057 /* Pods */ = {
			isa = PBXGroup;
			children = (
				CD03534C1B3E5E3666FC42C5 /* Pods-AiXiangBan.debug.xcconfig */,
				39D798FB88F1894B8D065316 /* Pods-AiXiangBan.release.xcconfig */,
			);
			name = Pods;
			sourceTree = "<group>";
		};
		DFC82970BC5F0D5944C90933 /* Frameworks */ = {
			isa = PBXGroup;
			children = (
				17D4EBD14FCAE7A7695BA7FD /* libPods-AiXiangBan.a */,
			);
			name = Frameworks;
			sourceTree = "<group>";
		};
/* End PBXGroup section */

/* Begin PBXNativeTarget section */
		11C9D3E51F85159D005B3577 /* AiXiangBan */ = {
			isa = PBXNativeTarget;
			buildConfigurationList = 11C9D4121F85159D005B3577 /* Build configuration list for PBXNativeTarget "AiXiangBan" */;
			buildPhases = (
				3EAD855B4B046335309D0AE0 /* [CP] Check Pods Manifest.lock */,
				11C9D3E21F85159D005B3577 /* Sources */,
				11C9D3E31F85159D005B3577 /* Frameworks */,
				11C9D3E41F85159D005B3577 /* Resources */,
				1825D5B4BC59CD6405F85FDE /* [CP] Embed Pods Frameworks */,
				BD8E03E1D3FDAFEB9FEBB404 /* [CP] Copy Pods Resources */,
			);
			buildRules = (
			);
			dependencies = (
			);
			name = AiXiangBan;
			productName = AiXiangBan;
			productReference = 11C9D3E61F85159D005B3577 /* AiXiangBan.app */;
			productType = "com.apple.product-type.application";
		};
		11C9D3FD1F85159D005B3577 /* AiXiangBanTests */ = {
			isa = PBXNativeTarget;
			buildConfigurationList = 11C9D4151F85159D005B3577 /* Build configuration list for PBXNativeTarget "AiXiangBanTests" */;
			buildPhases = (
				11C9D3FA1F85159D005B3577 /* Sources */,
				11C9D3FB1F85159D005B3577 /* Frameworks */,
				11C9D3FC1F85159D005B3577 /* Resources */,
			);
			buildRules = (
			);
			dependencies = (
				11C9D4001F85159D005B3577 /* PBXTargetDependency */,
			);
			name = AiXiangBanTests;
			productName = AiXiangBanTests;
			productReference = 11C9D3FE1F85159D005B3577 /* AiXiangBanTests.xctest */;
			productType = "com.apple.product-type.bundle.unit-test";
		};
		11C9D4081F85159D005B3577 /* AiXiangBanUITests */ = {
			isa = PBXNativeTarget;
			buildConfigurationList = 11C9D4181F85159D005B3577 /* Build configuration list for PBXNativeTarget "AiXiangBanUITests" */;
			buildPhases = (
				11C9D4051F85159D005B3577 /* Sources */,
				11C9D4061F85159D005B3577 /* Frameworks */,
				11C9D4071F85159D005B3577 /* Resources */,
			);
			buildRules = (
			);
			dependencies = (
				11C9D40B1F85159D005B3577 /* PBXTargetDependency */,
			);
			name = AiXiangBanUITests;
			productName = AiXiangBanUITests;
			productReference = 11C9D4091F85159D005B3577 /* AiXiangBanUITests.xctest */;
			productType = "com.apple.product-type.bundle.ui-testing";
		};
/* End PBXNativeTarget section */

/* Begin PBXProject section */
		11C9D3DE1F85159D005B3577 /* Project object */ = {
			isa = PBXProject;
			attributes = {
				LastUpgradeCheck = 0900;
				ORGANIZATIONNAME = "周春仕";
				TargetAttributes = {
					11C9D3E51F85159D005B3577 = {
						CreatedOnToolsVersion = 9.0;
						ProvisioningStyle = Automatic;
					};
					11C9D3FD1F85159D005B3577 = {
						CreatedOnToolsVersion = 9.0;
						ProvisioningStyle = Automatic;
						TestTargetID = 11C9D3E51F85159D005B3577;
					};
					11C9D4081F85159D005B3577 = {
						CreatedOnToolsVersion = 9.0;
						ProvisioningStyle = Automatic;
						TestTargetID = 11C9D3E51F85159D005B3577;
					};
				};
			};
			buildConfigurationList = 11C9D3E11F85159D005B3577 /* Build configuration list for PBXProject "AiXiangBan" */;
			compatibilityVersion = "Xcode 8.0";
			developmentRegion = en;
			hasScannedForEncodings = 0;
			knownRegions = (
				en,
				Base,
			);
			mainGroup = 11C9D3DD1F85159D005B3577;
			productRefGroup = 11C9D3E71F85159D005B3577 /* Products */;
			projectDirPath = "";
			projectRoot = "";
			targets = (
				11C9D3E51F85159D005B3577 /* AiXiangBan */,
				11C9D3FD1F85159D005B3577 /* AiXiangBanTests */,
				11C9D4081F85159D005B3577 /* AiXiangBanUITests */,
			);
		};
/* End PBXProject section */

/* Begin PBXResourcesBuildPhase section */
		11C9D3E41F85159D005B3577 /* Resources */ = {
			isa = PBXResourcesBuildPhase;
			buildActionMask = 2147483647;
			files = (
				11E09F901F8904BD004A2BCC /* BillCell.xib in Resources */,
				11C9D3F31F85159D005B3577 /* Assets.xcassets in Resources */,
				11E09F641F88D172004A2BCC /* HelpViewController.xib in Resources */,
				11E09F881F890156004A2BCC /* RechargeRecordCell.xib in Resources */,
				11E09F651F88D175004A2BCC /* AskHelpViewController.xib in Resources */,
				11599C471F87DE6D0005D9ED /* pullView.xib in Resources */,
				1A9A84F71F88A6B90003B9E1 /* ZHLSB.storyboard in Resources */,
				11E09F7B1F88E989004A2BCC /* RechargeCell.xib in Resources */,
				11E09F631F88D16E004A2BCC /* AskHelpCell.xib in Resources */,
				11E09F801F88F82E004A2BCC /* ConfirmViewController.xib in Resources */,
				11C9D4501F852E1F005B3577 /* HomeViewController.xib in Resources */,
				11B2532D1F8668D100994575 /* LoginViewController.xib in Resources */,
				11599C4C1F87E8AC0005D9ED /* HomeCollectionViewCell.xib in Resources */,
				11599C421F87D0C10005D9ED /* CallPushView.xib in Resources */,
				11E09F701F88D610004A2BCC /* AccountViewController.xib in Resources */,
				11937D781F86879200C809C9 /* RegisterViewController.xib in Resources */,
			);
			runOnlyForDeploymentPostprocessing = 0;
		};
		11C9D3FC1F85159D005B3577 /* Resources */ = {
			isa = PBXResourcesBuildPhase;
			buildActionMask = 2147483647;
			files = (
			);
			runOnlyForDeploymentPostprocessing = 0;
		};
		11C9D4071F85159D005B3577 /* Resources */ = {
			isa = PBXResourcesBuildPhase;
			buildActionMask = 2147483647;
			files = (
			);
			runOnlyForDeploymentPostprocessing = 0;
		};
/* End PBXResourcesBuildPhase section */

/* Begin PBXShellScriptBuildPhase section */
		1825D5B4BC59CD6405F85FDE /* [CP] Embed Pods Frameworks */ = {
			isa = PBXShellScriptBuildPhase;
			buildActionMask = 2147483647;
			files = (
			);
			inputPaths = (
			);
			name = "[CP] Embed Pods Frameworks";
			outputPaths = (
			);
			runOnlyForDeploymentPostprocessing = 0;
			shellPath = /bin/sh;
			shellScript = "\"${SRCROOT}/Pods/Target Support Files/Pods-AiXiangBan/Pods-AiXiangBan-frameworks.sh\"\n";
			showEnvVarsInLog = 0;
		};
		3EAD855B4B046335309D0AE0 /* [CP] Check Pods Manifest.lock */ = {
			isa = PBXShellScriptBuildPhase;
			buildActionMask = 2147483647;
			files = (
			);
			inputPaths = (
			);
			name = "[CP] Check Pods Manifest.lock";
			outputPaths = (
			);
			runOnlyForDeploymentPostprocessing = 0;
			shellPath = /bin/sh;
			shellScript = "diff \"${PODS_PODFILE_DIR_PATH}/Podfile.lock\" \"${PODS_ROOT}/Manifest.lock\" > /dev/null\nif [ $? != 0 ] ; then\n    # print error to STDERR\n    echo \"error: The sandbox is not in sync with the Podfile.lock. Run 'pod install' or update your CocoaPods installation.\" >&2\n    exit 1\nfi\n";
			showEnvVarsInLog = 0;
		};
		BD8E03E1D3FDAFEB9FEBB404 /* [CP] Copy Pods Resources */ = {
			isa = PBXShellScriptBuildPhase;
			buildActionMask = 2147483647;
			files = (
			);
			inputPaths = (
			);
			name = "[CP] Copy Pods Resources";
			outputPaths = (
			);
			runOnlyForDeploymentPostprocessing = 0;
			shellPath = /bin/sh;
			shellScript = "\"${SRCROOT}/Pods/Target Support Files/Pods-AiXiangBan/Pods-AiXiangBan-resources.sh\"\n";
			showEnvVarsInLog = 0;
		};
/* End PBXShellScriptBuildPhase section */

/* Begin PBXSourcesBuildPhase section */
		11C9D3E21F85159D005B3577 /* Sources */ = {
			isa = PBXSourcesBuildPhase;
			buildActionMask = 2147483647;
			files = (
				11E09F621F88D03E004A2BCC /* AskHelpCell.m in Sources */,
				11E09F611F88D033004A2BCC /* HelpViewController.m in Sources */,
				11E09F601F88D02C004A2BCC /* AskHelpViewController.m in Sources */,
				11E09F8B1F890440004A2BCC /* BillViewController.m in Sources */,
				11AF42011F87154600903A85 /* HYTimerButton.m in Sources */,
				1A9A84D31F878E5E0003B9E1 /* KRBaseTool.m in Sources */,
				11E09F7A1F88E989004A2BCC /* RechargeCell.m in Sources */,
				1A9A84DE1F878F290003B9E1 /* NSString+CZNSStringExt.m in Sources */,
				11599C4B1F87E8AC0005D9ED /* HomeCollectionViewCell.m in Sources */,
				11E09F741F88E141004A2BCC /* RechargeViewController.m in Sources */,
				1A9A84E01F878F2E0003B9E1 /* MBProgressHUD+KR.m in Sources */,
				1A9A84D21F878E5A0003B9E1 /* KRUserInfo.m in Sources */,
				11E09F7F1F88F82E004A2BCC /* ConfirmViewController.m in Sources */,
				11E09F6F1F88D610004A2BCC /* AccountViewController.m in Sources */,
				1A9A84EB1F886B2F0003B9E1 /* RepareInfoViewController.m in Sources */,
				1A9A84FE1F88A8200003B9E1 /* RobotView.m in Sources */,
				11937D731F86807500C809C9 /* UIView+EX.m in Sources */,
				11E09F691F88D1B5004A2BCC /* MyViewController.m in Sources */,
				1A9A84E41F87D8EA0003B9E1 /* MineViewController.m in Sources */,
				11C9D4221F851E24005B3577 /* NetWorkManager.m in Sources */,
				1A9A850E1F88B8030003B9E1 /* TYTabButtonPagerController.m in Sources */,
				1A9A84DF1F878F2C0003B9E1 /* UITableView+KREmptyData.m in Sources */,
				1A9A850C1F88B5CC0003B9E1 /* AddressBookViewController.m in Sources */,
				1A9A84E81F87E6020003B9E1 /* MineInfoView.m in Sources */,
				11E09F8F1F8904BD004A2BCC /* BillCell.m in Sources */,
				1A9A850D1F88B8000003B9E1 /* TYPagerController.m in Sources */,
				1A9A84F41F8879630003B9E1 /* ReparePwsViewController.m in Sources */,
				11C9D46A1F853139005B3577 /* BaseNaviViewController.m in Sources */,
				11C9D4341F8525CA005B3577 /* BaseViewController.m in Sources */,
				11C9D3F91F85159D005B3577 /* main.m in Sources */,
				1A9A850F1F88B8060003B9E1 /* TYTabPagerController.m in Sources */,
				1AE01F861F89F37B00A6AE55 /* AddAddressViewController.m in Sources */,
				1A9A84EE1F886FDB0003B9E1 /* SettingViewController.m in Sources */,
				1AE01F891F89F40700A6AE55 /* AddAddressView.m in Sources */,
				1A9A84FB1F88A7950003B9E1 /* RobotViewController.m in Sources */,
				11937D771F86879200C809C9 /* RegisterViewController.m in Sources */,
				11B2532C1F8668D100994575 /* LoginViewController.m in Sources */,
				1A9A85101F88B8090003B9E1 /* TYTabTitleViewCell.m in Sources */,
				11C9D44F1F852E1F005B3577 /* HomeViewController.m in Sources */,
				1A9A84D11F878E570003B9E1 /* KRMainNetTool.m in Sources */,
				11599C451F87DD770005D9ED /* pullView.m in Sources */,
				1A9A84E11F878F310003B9E1 /* NSObject+KRExtention.m in Sources */,
				11E09F831F88FC29004A2BCC /* RechargeRecordController.m in Sources */,
				11E09F871F890156004A2BCC /* RechargeRecordCell.m in Sources */,
				11599C401F87D09B0005D9ED /* CallPushView.m in Sources */,
				11599C3B1F87CC790005D9ED /* UIView+BorderLine.m in Sources */,
				11937D701F86800900C809C9 /* CALayer+CircleBoard.m in Sources */,
				1A9A85141F88D5B20003B9E1 /* AddressView.m in Sources */,
				11C9D3EB1F85159D005B3577 /* AppDelegate.m in Sources */,
				1A9A84F11F88771B0003B9E1 /* AboutUsViewController.m in Sources */,
			);
			runOnlyForDeploymentPostprocessing = 0;
		};
		11C9D3FA1F85159D005B3577 /* Sources */ = {
			isa = PBXSourcesBuildPhase;
			buildActionMask = 2147483647;
			files = (
				11C9D4031F85159D005B3577 /* AiXiangBanTests.m in Sources */,
			);
			runOnlyForDeploymentPostprocessing = 0;
		};
		11C9D4051F85159D005B3577 /* Sources */ = {
			isa = PBXSourcesBuildPhase;
			buildActionMask = 2147483647;
			files = (
				11C9D40E1F85159D005B3577 /* AiXiangBanUITests.m in Sources */,
			);
			runOnlyForDeploymentPostprocessing = 0;
		};
/* End PBXSourcesBuildPhase section */

/* Begin PBXTargetDependency section */
		11C9D4001F85159D005B3577 /* PBXTargetDependency */ = {
			isa = PBXTargetDependency;
			target = 11C9D3E51F85159D005B3577 /* AiXiangBan */;
			targetProxy = 11C9D3FF1F85159D005B3577 /* PBXContainerItemProxy */;
		};
		11C9D40B1F85159D005B3577 /* PBXTargetDependency */ = {
			isa = PBXTargetDependency;
			target = 11C9D3E51F85159D005B3577 /* AiXiangBan */;
			targetProxy = 11C9D40A1F85159D005B3577 /* PBXContainerItemProxy */;
		};
/* End PBXTargetDependency section */

/* Begin XCBuildConfiguration section */
		11C9D4101F85159D005B3577 /* Debug */ = {
			isa = XCBuildConfiguration;
			buildSettings = {
				ALWAYS_SEARCH_USER_PATHS = NO;
				CLANG_ANALYZER_NONNULL = YES;
				CLANG_ANALYZER_NUMBER_OBJECT_CONVERSION = YES_AGGRESSIVE;
				CLANG_CXX_LANGUAGE_STANDARD = "gnu++14";
				CLANG_CXX_LIBRARY = "libc++";
				CLANG_ENABLE_MODULES = YES;
				CLANG_ENABLE_OBJC_ARC = YES;
				CLANG_WARN_BLOCK_CAPTURE_AUTORELEASING = YES;
				CLANG_WARN_BOOL_CONVERSION = YES;
				CLANG_WARN_COMMA = YES;
				CLANG_WARN_CONSTANT_CONVERSION = YES;
				CLANG_WARN_DIRECT_OBJC_ISA_USAGE = YES_ERROR;
				CLANG_WARN_DOCUMENTATION_COMMENTS = YES;
				CLANG_WARN_EMPTY_BODY = YES;
				CLANG_WARN_ENUM_CONVERSION = YES;
				CLANG_WARN_INFINITE_RECURSION = YES;
				CLANG_WARN_INT_CONVERSION = YES;
				CLANG_WARN_NON_LITERAL_NULL_CONVERSION = YES;
				CLANG_WARN_OBJC_LITERAL_CONVERSION = YES;
				CLANG_WARN_OBJC_ROOT_CLASS = YES_ERROR;
				CLANG_WARN_RANGE_LOOP_ANALYSIS = YES;
				CLANG_WARN_STRICT_PROTOTYPES = YES;
				CLANG_WARN_SUSPICIOUS_MOVE = YES;
				CLANG_WARN_UNGUARDED_AVAILABILITY = YES_AGGRESSIVE;
				CLANG_WARN_UNREACHABLE_CODE = YES;
				CLANG_WARN__DUPLICATE_METHOD_MATCH = YES;
				CODE_SIGN_IDENTITY = "iPhone Developer";
				COPY_PHASE_STRIP = NO;
				DEBUG_INFORMATION_FORMAT = dwarf;
				ENABLE_STRICT_OBJC_MSGSEND = YES;
				ENABLE_TESTABILITY = YES;
				GCC_C_LANGUAGE_STANDARD = gnu11;
				GCC_DYNAMIC_NO_PIC = NO;
				GCC_NO_COMMON_BLOCKS = YES;
				GCC_OPTIMIZATION_LEVEL = 0;
				GCC_PREPROCESSOR_DEFINITIONS = (
					"DEBUG=1",
					"$(inherited)",
				);
				GCC_WARN_64_TO_32_BIT_CONVERSION = YES;
				GCC_WARN_ABOUT_RETURN_TYPE = YES_ERROR;
				GCC_WARN_UNDECLARED_SELECTOR = YES;
				GCC_WARN_UNINITIALIZED_AUTOS = YES_AGGRESSIVE;
				GCC_WARN_UNUSED_FUNCTION = YES;
				GCC_WARN_UNUSED_VARIABLE = YES;
				IPHONEOS_DEPLOYMENT_TARGET = 11.0;
				MTL_ENABLE_DEBUG_INFO = YES;
				ONLY_ACTIVE_ARCH = YES;
				SDKROOT = iphoneos;
			};
			name = Debug;
		};
		11C9D4111F85159D005B3577 /* Release */ = {
			isa = XCBuildConfiguration;
			buildSettings = {
				ALWAYS_SEARCH_USER_PATHS = NO;
				CLANG_ANALYZER_NONNULL = YES;
				CLANG_ANALYZER_NUMBER_OBJECT_CONVERSION = YES_AGGRESSIVE;
				CLANG_CXX_LANGUAGE_STANDARD = "gnu++14";
				CLANG_CXX_LIBRARY = "libc++";
				CLANG_ENABLE_MODULES = YES;
				CLANG_ENABLE_OBJC_ARC = YES;
				CLANG_WARN_BLOCK_CAPTURE_AUTORELEASING = YES;
				CLANG_WARN_BOOL_CONVERSION = YES;
				CLANG_WARN_COMMA = YES;
				CLANG_WARN_CONSTANT_CONVERSION = YES;
				CLANG_WARN_DIRECT_OBJC_ISA_USAGE = YES_ERROR;
				CLANG_WARN_DOCUMENTATION_COMMENTS = YES;
				CLANG_WARN_EMPTY_BODY = YES;
				CLANG_WARN_ENUM_CONVERSION = YES;
				CLANG_WARN_INFINITE_RECURSION = YES;
				CLANG_WARN_INT_CONVERSION = YES;
				CLANG_WARN_NON_LITERAL_NULL_CONVERSION = YES;
				CLANG_WARN_OBJC_LITERAL_CONVERSION = YES;
				CLANG_WARN_OBJC_ROOT_CLASS = YES_ERROR;
				CLANG_WARN_RANGE_LOOP_ANALYSIS = YES;
				CLANG_WARN_STRICT_PROTOTYPES = YES;
				CLANG_WARN_SUSPICIOUS_MOVE = YES;
				CLANG_WARN_UNGUARDED_AVAILABILITY = YES_AGGRESSIVE;
				CLANG_WARN_UNREACHABLE_CODE = YES;
				CLANG_WARN__DUPLICATE_METHOD_MATCH = YES;
				CODE_SIGN_IDENTITY = "iPhone Developer";
				COPY_PHASE_STRIP = NO;
				DEBUG_INFORMATION_FORMAT = "dwarf-with-dsym";
				ENABLE_NS_ASSERTIONS = NO;
				ENABLE_STRICT_OBJC_MSGSEND = YES;
				GCC_C_LANGUAGE_STANDARD = gnu11;
				GCC_NO_COMMON_BLOCKS = YES;
				GCC_WARN_64_TO_32_BIT_CONVERSION = YES;
				GCC_WARN_ABOUT_RETURN_TYPE = YES_ERROR;
				GCC_WARN_UNDECLARED_SELECTOR = YES;
				GCC_WARN_UNINITIALIZED_AUTOS = YES_AGGRESSIVE;
				GCC_WARN_UNUSED_FUNCTION = YES;
				GCC_WARN_UNUSED_VARIABLE = YES;
				IPHONEOS_DEPLOYMENT_TARGET = 11.0;
				MTL_ENABLE_DEBUG_INFO = NO;
				SDKROOT = iphoneos;
				VALIDATE_PRODUCT = YES;
			};
			name = Release;
		};
		11C9D4131F85159D005B3577 /* Debug */ = {
			isa = XCBuildConfiguration;
			baseConfigurationReference = CD03534C1B3E5E3666FC42C5 /* Pods-AiXiangBan.debug.xcconfig */;
			buildSettings = {
				ASSETCATALOG_COMPILER_APPICON_NAME = AppIcon;
				ASSETCATALOG_COMPILER_LAUNCHIMAGE_NAME = LaunchImage;
				CODE_SIGN_STYLE = Automatic;
				DEVELOPMENT_TEAM = XZN34NH8JQ;
				GCC_PREFIX_HEADER = AiXiangBan/SupportFiles/AXB.pch;
				INFOPLIST_FILE = "$(SRCROOT)/AiXiangBan/SupportFiles/Info.plist";
				IPHONEOS_DEPLOYMENT_TARGET = 8.0;
				LD_RUNPATH_SEARCH_PATHS = "$(inherited) @executable_path/Frameworks";
				PRODUCT_BUNDLE_IDENTIFIER = ZCS.AiXiangBan;
				PRODUCT_NAME = "$(TARGET_NAME)";
				TARGETED_DEVICE_FAMILY = 1;
			};
			name = Debug;
		};
		11C9D4141F85159D005B3577 /* Release */ = {
			isa = XCBuildConfiguration;
			baseConfigurationReference = 39D798FB88F1894B8D065316 /* Pods-AiXiangBan.release.xcconfig */;
			buildSettings = {
				ASSETCATALOG_COMPILER_APPICON_NAME = AppIcon;
				ASSETCATALOG_COMPILER_LAUNCHIMAGE_NAME = LaunchImage;
				CODE_SIGN_STYLE = Automatic;
				DEVELOPMENT_TEAM = XZN34NH8JQ;
				GCC_PREFIX_HEADER = AiXiangBan/SupportFiles/AXB.pch;
				INFOPLIST_FILE = "$(SRCROOT)/AiXiangBan/SupportFiles/Info.plist";
				IPHONEOS_DEPLOYMENT_TARGET = 8.0;
				LD_RUNPATH_SEARCH_PATHS = "$(inherited) @executable_path/Frameworks";
				PRODUCT_BUNDLE_IDENTIFIER = ZCS.AiXiangBan;
				PRODUCT_NAME = "$(TARGET_NAME)";
				TARGETED_DEVICE_FAMILY = 1;
			};
			name = Release;
		};
		11C9D4161F85159D005B3577 /* Debug */ = {
			isa = XCBuildConfiguration;
			buildSettings = {
				BUNDLE_LOADER = "$(TEST_HOST)";
				CODE_SIGN_STYLE = Automatic;
				INFOPLIST_FILE = AiXiangBanTests/Info.plist;
				LD_RUNPATH_SEARCH_PATHS = "$(inherited) @executable_path/Frameworks @loader_path/Frameworks";
				PRODUCT_BUNDLE_IDENTIFIER = ZCS.AiXiangBanTests;
				PRODUCT_NAME = "$(TARGET_NAME)";
				TARGETED_DEVICE_FAMILY = "1,2";
				TEST_HOST = "$(BUILT_PRODUCTS_DIR)/AiXiangBan.app/AiXiangBan";
			};
			name = Debug;
		};
		11C9D4171F85159D005B3577 /* Release */ = {
			isa = XCBuildConfiguration;
			buildSettings = {
				BUNDLE_LOADER = "$(TEST_HOST)";
				CODE_SIGN_STYLE = Automatic;
				INFOPLIST_FILE = AiXiangBanTests/Info.plist;
				LD_RUNPATH_SEARCH_PATHS = "$(inherited) @executable_path/Frameworks @loader_path/Frameworks";
				PRODUCT_BUNDLE_IDENTIFIER = ZCS.AiXiangBanTests;
				PRODUCT_NAME = "$(TARGET_NAME)";
				TARGETED_DEVICE_FAMILY = "1,2";
				TEST_HOST = "$(BUILT_PRODUCTS_DIR)/AiXiangBan.app/AiXiangBan";
			};
			name = Release;
		};
		11C9D4191F85159D005B3577 /* Debug */ = {
			isa = XCBuildConfiguration;
			buildSettings = {
				CODE_SIGN_STYLE = Automatic;
				INFOPLIST_FILE = AiXiangBanUITests/Info.plist;
				LD_RUNPATH_SEARCH_PATHS = "$(inherited) @executable_path/Frameworks @loader_path/Frameworks";
				PRODUCT_BUNDLE_IDENTIFIER = ZCS.AiXiangBanUITests;
				PRODUCT_NAME = "$(TARGET_NAME)";
				TARGETED_DEVICE_FAMILY = "1,2";
				TEST_TARGET_NAME = AiXiangBan;
			};
			name = Debug;
		};
		11C9D41A1F85159D005B3577 /* Release */ = {
			isa = XCBuildConfiguration;
			buildSettings = {
				CODE_SIGN_STYLE = Automatic;
				INFOPLIST_FILE = AiXiangBanUITests/Info.plist;
				LD_RUNPATH_SEARCH_PATHS = "$(inherited) @executable_path/Frameworks @loader_path/Frameworks";
				PRODUCT_BUNDLE_IDENTIFIER = ZCS.AiXiangBanUITests;
				PRODUCT_NAME = "$(TARGET_NAME)";
				TARGETED_DEVICE_FAMILY = "1,2";
				TEST_TARGET_NAME = AiXiangBan;
			};
			name = Release;
		};
/* End XCBuildConfiguration section */

/* Begin XCConfigurationList section */
		11C9D3E11F85159D005B3577 /* Build configuration list for PBXProject "AiXiangBan" */ = {
			isa = XCConfigurationList;
			buildConfigurations = (
				11C9D4101F85159D005B3577 /* Debug */,
				11C9D4111F85159D005B3577 /* Release */,
			);
			defaultConfigurationIsVisible = 0;
			defaultConfigurationName = Release;
		};
		11C9D4121F85159D005B3577 /* Build configuration list for PBXNativeTarget "AiXiangBan" */ = {
			isa = XCConfigurationList;
			buildConfigurations = (
				11C9D4131F85159D005B3577 /* Debug */,
				11C9D4141F85159D005B3577 /* Release */,
			);
			defaultConfigurationIsVisible = 0;
			defaultConfigurationName = Release;
		};
		11C9D4151F85159D005B3577 /* Build configuration list for PBXNativeTarget "AiXiangBanTests" */ = {
			isa = XCConfigurationList;
			buildConfigurations = (
				11C9D4161F85159D005B3577 /* Debug */,
				11C9D4171F85159D005B3577 /* Release */,
			);
			defaultConfigurationIsVisible = 0;
			defaultConfigurationName = Release;
		};
		11C9D4181F85159D005B3577 /* Build configuration list for PBXNativeTarget "AiXiangBanUITests" */ = {
			isa = XCConfigurationList;
			buildConfigurations = (
				11C9D4191F85159D005B3577 /* Debug */,
				11C9D41A1F85159D005B3577 /* Release */,
			);
			defaultConfigurationIsVisible = 0;
			defaultConfigurationName = Release;
		};
/* End XCConfigurationList section */
	};
	rootObject = 11C9D3DE1F85159D005B3577 /* Project object */;
}
